// !$*UTF8*$!
{
	archiveVersion = 1;
	classes = {
	};
	objectVersion = 56;
	objects = {

/* Begin PBXBuildFile section */
		BC1CF8D72B961F5600A9BF12 /* MyInfoWritingView.swift in Sources */ = {isa = PBXBuildFile; fileRef = BC1CF8D62B961F5600A9BF12 /* MyInfoWritingView.swift */; };
		BC1CF8D92B96C8D800A9BF12 /* CustomAlert.swift in Sources */ = {isa = PBXBuildFile; fileRef = BC1CF8D82B96C8D800A9BF12 /* CustomAlert.swift */; };
		BC1CF8DD2B96FCA200A9BF12 /* WritingCheckView.swift in Sources */ = {isa = PBXBuildFile; fileRef = BC1CF8DC2B96FCA200A9BF12 /* WritingCheckView.swift */; };
		BC388DB52B904BAB005D1279 /* ContentView.swift in Sources */ = {isa = PBXBuildFile; fileRef = BC388DB42B904BAB005D1279 /* ContentView.swift */; };
		BC4876C82B9721F3006B15C0 /* PartnerInfoWritingView.swift in Sources */ = {isa = PBXBuildFile; fileRef = BC4876C72B9721F3006B15C0 /* PartnerInfoWritingView.swift */; };
		BC595DD62B8D8AC300CA555E /* PayRitApp.swift in Sources */ = {isa = PBXBuildFile; fileRef = BC595DD52B8D8AC300CA555E /* PayRitApp.swift */; };
		BC595DD82B8D8AC300CA555E /* SignInView.swift in Sources */ = {isa = PBXBuildFile; fileRef = BC595DD72B8D8AC300CA555E /* SignInView.swift */; };
		BC595DDA2B8D8AC400CA555E /* Assets.xcassets in Resources */ = {isa = PBXBuildFile; fileRef = BC595DD92B8D8AC400CA555E /* Assets.xcassets */; };
		BC595DDD2B8D8AC400CA555E /* Preview Assets.xcassets in Resources */ = {isa = PBXBuildFile; fileRef = BC595DDC2B8D8AC400CA555E /* Preview Assets.xcassets */; };
		BC595DF02B8D8EAE00CA555E /* TabBarView.swift in Sources */ = {isa = PBXBuildFile; fileRef = BC595DEF2B8D8EAE00CA555E /* TabBarView.swift */; };
		BC595DF52B8D941900CA555E /* KakaoSDK in Frameworks */ = {isa = PBXBuildFile; productRef = BC595DF42B8D941900CA555E /* KakaoSDK */; };
		BC595DF72B8D941900CA555E /* KakaoSDKAuth in Frameworks */ = {isa = PBXBuildFile; productRef = BC595DF62B8D941900CA555E /* KakaoSDKAuth */; };
		BC595DF92B8D941900CA555E /* KakaoSDKCert in Frameworks */ = {isa = PBXBuildFile; productRef = BC595DF82B8D941900CA555E /* KakaoSDKCert */; };
		BC595DFB2B8D941900CA555E /* KakaoSDKCertCore in Frameworks */ = {isa = PBXBuildFile; productRef = BC595DFA2B8D941900CA555E /* KakaoSDKCertCore */; };
		BC595DFD2B8D941900CA555E /* KakaoSDKCommon in Frameworks */ = {isa = PBXBuildFile; productRef = BC595DFC2B8D941900CA555E /* KakaoSDKCommon */; };
		BC595E022B8DA21300CA555E /* SignInStore.swift in Sources */ = {isa = PBXBuildFile; fileRef = BC595E012B8DA21300CA555E /* SignInStore.swift */; };
		BC595E042B8DA83600CA555E /* UIScreen +.swift in Sources */ = {isa = PBXBuildFile; fileRef = BC595E032B8DA83600CA555E /* UIScreen +.swift */; };
		BC595E0A2B8DAFD600CA555E /* Font +.swift in Sources */ = {isa = PBXBuildFile; fileRef = BC595E092B8DAFD600CA555E /* Font +.swift */; };
		BC595E172B8DB52E00CA555E /* HSSantokki-Regular.ttf in Resources */ = {isa = PBXBuildFile; fileRef = BC595E162B8DB52E00CA555E /* HSSantokki-Regular.ttf */; };
		BC595E192B8DB75600CA555E /* Color +.swift in Sources */ = {isa = PBXBuildFile; fileRef = BC595E182B8DB75600CA555E /* Color +.swift */; };
		BC595E252B8DC9AC00CA555E /* Launch Screen.storyboard in Resources */ = {isa = PBXBuildFile; fileRef = BC595E242B8DC9AC00CA555E /* Launch Screen.storyboard */; };
		BC595E282B8DDFDD00CA555E /* HomeView.swift in Sources */ = {isa = PBXBuildFile; fileRef = BC595E272B8DDFDD00CA555E /* HomeView.swift */; };
		BC5C57092B975A2400A55CC7 /* KakaoAdressView.swift in Sources */ = {isa = PBXBuildFile; fileRef = BC5C57082B975A2400A55CC7 /* KakaoAdressView.swift */; };
		BC9E55CC2B936F9700B100C6 /* HomeStore.swift in Sources */ = {isa = PBXBuildFile; fileRef = BC9E55CB2B936F9700B100C6 /* HomeStore.swift */; };
		BC9E55CE2B956B7300B100C6 /* LoanDetailView.swift in Sources */ = {isa = PBXBuildFile; fileRef = BC9E55CD2B956B7300B100C6 /* LoanDetailView.swift */; };
		BCC9EC042B8F09A6001E18F0 /* Document.swift in Sources */ = {isa = PBXBuildFile; fileRef = BCC9EC032B8F09A6001E18F0 /* Document.swift */; };
		BCD942512B8F0CCC00BF61CD /* .swiftlint.yml in Resources */ = {isa = PBXBuildFile; fileRef = BCD942502B8F0CCC00BF61CD /* .swiftlint.yml */; };
		BCD942532B8F0E0600BF61CD /* LaunchScreenTest.swift in Sources */ = {isa = PBXBuildFile; fileRef = BCD942522B8F0E0600BF61CD /* LaunchScreenTest.swift */; };
		BCD942572B8F1D5400BF61CD /* MyPageView.swift in Sources */ = {isa = PBXBuildFile; fileRef = BCD942562B8F1D5400BF61CD /* MyPageView.swift */; };
		BCD9425B2B8F639A00BF61CD /* CustomTextField.swift in Sources */ = {isa = PBXBuildFile; fileRef = BCD9425A2B8F639A00BF61CD /* CustomTextField.swift */; };
		BCDC9C562B958FA2002D8A4A /* LoanDetailImageView.swift in Sources */ = {isa = PBXBuildFile; fileRef = BCDC9C552B958FA2002D8A4A /* LoanDetailImageView.swift */; };
		BCE280DA2B8F75120085D45E /* View +.swift in Sources */ = {isa = PBXBuildFile; fileRef = BCE280D92B8F75120085D45E /* View +.swift */; };
		BCE280DC2B8F75450085D45E /* ViewModifier.swift in Sources */ = {isa = PBXBuildFile; fileRef = BCE280DB2B8F75440085D45E /* ViewModifier.swift */; };
		BCE280E02B9021EE0085D45E /* WritingView.swift in Sources */ = {isa = PBXBuildFile; fileRef = BCE280DF2B9021EE0085D45E /* WritingView.swift */; };
		BCE280E22B903B660085D45E /* TransactionDetailWritingView.swift in Sources */ = {isa = PBXBuildFile; fileRef = BCE280E12B903B660085D45E /* TransactionDetailWritingView.swift */; };
		BCE280E42B903BE50085D45E /* SelectDocumentTypeView.swift in Sources */ = {isa = PBXBuildFile; fileRef = BCE280E32B903BE50085D45E /* SelectDocumentTypeView.swift */; };
/* End PBXBuildFile section */

/* Begin PBXFileReference section */
		BC1CF8D62B961F5600A9BF12 /* MyInfoWritingView.swift */ = {isa = PBXFileReference; lastKnownFileType = sourcecode.swift; path = MyInfoWritingView.swift; sourceTree = "<group>"; };
		BC1CF8D82B96C8D800A9BF12 /* CustomAlert.swift */ = {isa = PBXFileReference; lastKnownFileType = sourcecode.swift; path = CustomAlert.swift; sourceTree = "<group>"; };
		BC1CF8DC2B96FCA200A9BF12 /* WritingCheckView.swift */ = {isa = PBXFileReference; lastKnownFileType = sourcecode.swift; path = WritingCheckView.swift; sourceTree = "<group>"; };
		BC388DB42B904BAB005D1279 /* ContentView.swift */ = {isa = PBXFileReference; lastKnownFileType = sourcecode.swift; path = ContentView.swift; sourceTree = "<group>"; };
		BC4876C72B9721F3006B15C0 /* PartnerInfoWritingView.swift */ = {isa = PBXFileReference; lastKnownFileType = sourcecode.swift; path = PartnerInfoWritingView.swift; sourceTree = "<group>"; };
		BC595DD22B8D8AC300CA555E /* PayRit.app */ = {isa = PBXFileReference; explicitFileType = wrapper.application; includeInIndex = 0; path = PayRit.app; sourceTree = BUILT_PRODUCTS_DIR; };
		BC595DD52B8D8AC300CA555E /* PayRitApp.swift */ = {isa = PBXFileReference; lastKnownFileType = sourcecode.swift; path = PayRitApp.swift; sourceTree = "<group>"; };
		BC595DD72B8D8AC300CA555E /* SignInView.swift */ = {isa = PBXFileReference; lastKnownFileType = sourcecode.swift; path = SignInView.swift; sourceTree = "<group>"; };
		BC595DD92B8D8AC400CA555E /* Assets.xcassets */ = {isa = PBXFileReference; lastKnownFileType = folder.assetcatalog; path = Assets.xcassets; sourceTree = "<group>"; };
		BC595DDC2B8D8AC400CA555E /* Preview Assets.xcassets */ = {isa = PBXFileReference; lastKnownFileType = folder.assetcatalog; path = "Preview Assets.xcassets"; sourceTree = "<group>"; };
		BC595DEF2B8D8EAE00CA555E /* TabBarView.swift */ = {isa = PBXFileReference; lastKnownFileType = sourcecode.swift; path = TabBarView.swift; sourceTree = "<group>"; };
		BC595E012B8DA21300CA555E /* SignInStore.swift */ = {isa = PBXFileReference; fileEncoding = 4; lastKnownFileType = sourcecode.swift; path = SignInStore.swift; sourceTree = "<group>"; };
		BC595E032B8DA83600CA555E /* UIScreen +.swift */ = {isa = PBXFileReference; lastKnownFileType = sourcecode.swift; path = "UIScreen +.swift"; sourceTree = "<group>"; };
		BC595E092B8DAFD600CA555E /* Font +.swift */ = {isa = PBXFileReference; lastKnownFileType = sourcecode.swift; path = "Font +.swift"; sourceTree = "<group>"; };
		BC595E0B2B8DB0B500CA555E /* Info.plist */ = {isa = PBXFileReference; lastKnownFileType = text.plist.xml; path = Info.plist; sourceTree = "<group>"; };
		BC595E162B8DB52E00CA555E /* HSSantokki-Regular.ttf */ = {isa = PBXFileReference; lastKnownFileType = file; path = "HSSantokki-Regular.ttf"; sourceTree = "<group>"; };
		BC595E182B8DB75600CA555E /* Color +.swift */ = {isa = PBXFileReference; lastKnownFileType = sourcecode.swift; path = "Color +.swift"; sourceTree = "<group>"; };
		BC595E242B8DC9AC00CA555E /* Launch Screen.storyboard */ = {isa = PBXFileReference; lastKnownFileType = file.storyboard; path = "Launch Screen.storyboard"; sourceTree = "<group>"; };
		BC595E272B8DDFDD00CA555E /* HomeView.swift */ = {isa = PBXFileReference; lastKnownFileType = sourcecode.swift; path = HomeView.swift; sourceTree = "<group>"; };
		BC5C57082B975A2400A55CC7 /* KakaoAdressView.swift */ = {isa = PBXFileReference; lastKnownFileType = sourcecode.swift; path = KakaoAdressView.swift; sourceTree = "<group>"; };
		BC9E55CB2B936F9700B100C6 /* HomeStore.swift */ = {isa = PBXFileReference; lastKnownFileType = sourcecode.swift; path = HomeStore.swift; sourceTree = "<group>"; };
		BC9E55CD2B956B7300B100C6 /* LoanDetailView.swift */ = {isa = PBXFileReference; lastKnownFileType = sourcecode.swift; path = LoanDetailView.swift; sourceTree = "<group>"; };
		BCC9EC032B8F09A6001E18F0 /* Document.swift */ = {isa = PBXFileReference; lastKnownFileType = sourcecode.swift; path = Document.swift; sourceTree = "<group>"; };
		BCD942502B8F0CCC00BF61CD /* .swiftlint.yml */ = {isa = PBXFileReference; fileEncoding = 4; lastKnownFileType = text.yaml; path = .swiftlint.yml; sourceTree = "<group>"; };
		BCD942522B8F0E0600BF61CD /* LaunchScreenTest.swift */ = {isa = PBXFileReference; lastKnownFileType = sourcecode.swift; path = LaunchScreenTest.swift; sourceTree = "<group>"; };
		BCD942562B8F1D5400BF61CD /* MyPageView.swift */ = {isa = PBXFileReference; lastKnownFileType = sourcecode.swift; path = MyPageView.swift; sourceTree = "<group>"; };
		BCD9425A2B8F639A00BF61CD /* CustomTextField.swift */ = {isa = PBXFileReference; lastKnownFileType = sourcecode.swift; path = CustomTextField.swift; sourceTree = "<group>"; };
		BCDC9C552B958FA2002D8A4A /* LoanDetailImageView.swift */ = {isa = PBXFileReference; lastKnownFileType = sourcecode.swift; path = LoanDetailImageView.swift; sourceTree = "<group>"; };
		BCE280D92B8F75120085D45E /* View +.swift */ = {isa = PBXFileReference; lastKnownFileType = sourcecode.swift; path = "View +.swift"; sourceTree = "<group>"; };
		BCE280DB2B8F75440085D45E /* ViewModifier.swift */ = {isa = PBXFileReference; lastKnownFileType = sourcecode.swift; path = ViewModifier.swift; sourceTree = "<group>"; };
		BCE280DF2B9021EE0085D45E /* WritingView.swift */ = {isa = PBXFileReference; lastKnownFileType = sourcecode.swift; path = WritingView.swift; sourceTree = "<group>"; };
		BCE280E12B903B660085D45E /* TransactionDetailWritingView.swift */ = {isa = PBXFileReference; lastKnownFileType = sourcecode.swift; path = TransactionDetailWritingView.swift; sourceTree = "<group>"; };
		BCE280E32B903BE50085D45E /* SelectDocumentTypeView.swift */ = {isa = PBXFileReference; lastKnownFileType = sourcecode.swift; path = SelectDocumentTypeView.swift; sourceTree = "<group>"; };
/* End PBXFileReference section */

/* Begin PBXFrameworksBuildPhase section */
		BC595DCF2B8D8AC300CA555E /* Frameworks */ = {
			isa = PBXFrameworksBuildPhase;
			buildActionMask = 2147483647;
			files = (
				BC595DFB2B8D941900CA555E /* KakaoSDKCertCore in Frameworks */,
				BC595DF92B8D941900CA555E /* KakaoSDKCert in Frameworks */,
				BC595DF52B8D941900CA555E /* KakaoSDK in Frameworks */,
				BC595DFD2B8D941900CA555E /* KakaoSDKCommon in Frameworks */,
				BC595DF72B8D941900CA555E /* KakaoSDKAuth in Frameworks */,
			);
			runOnlyForDeploymentPostprocessing = 0;
		};
/* End PBXFrameworksBuildPhase section */

/* Begin PBXGroup section */
		BC388DB32B904B6F005D1279 /* Content */ = {
			isa = PBXGroup;
			children = (
				BC388DB42B904BAB005D1279 /* ContentView.swift */,
			);
			path = Content;
			sourceTree = "<group>";
		};
		BC595DC92B8D8AC300CA555E = {
			isa = PBXGroup;
			children = (
				BC595DD42B8D8AC300CA555E /* PayRit */,
				BC595DD32B8D8AC300CA555E /* Products */,
			);
			sourceTree = "<group>";
		};
		BC595DD32B8D8AC300CA555E /* Products */ = {
			isa = PBXGroup;
			children = (
				BC595DD22B8D8AC300CA555E /* PayRit.app */,
			);
			name = Products;
			sourceTree = "<group>";
		};
		BC595DD42B8D8AC300CA555E /* PayRit */ = {
			isa = PBXGroup;
			children = (
				BCD942502B8F0CCC00BF61CD /* .swiftlint.yml */,
				BC595DEA2B8D8DF300CA555E /* Config */,
				BCD9425C2B8F6FBA00BF61CD /* App */,
				BC388DB32B904B6F005D1279 /* Content */,
				BC595E1D2B8DBDB300CA555E /* LaunchScreen */,
				BC595DEB2B8D8E0800CA555E /* Model */,
				BC595DE82B8D8DD600CA555E /* TabBar */,
				BC595E262B8DDFC800CA555E /* Home */,
				BCE280DD2B9020BE0085D45E /* Writing */,
				BC5C572A2B977B6800A55CC7 /* KakaoAddress */,
				BC595DFE2B8DA1E200CA555E /* SignIn */,
				BCD942542B8F1D3100BF61CD /* MyPage */,
				BC595DED2B8D8E6200CA555E /* Service */,
				BC595DE72B8D8DCF00CA555E /* Common */,
				BC595DEC2B8D8E4600CA555E /* UserDefaults */,
				BC595DE92B8D8DE200CA555E /* Extensions */,
				BC595DDB2B8D8AC400CA555E /* Preview Content */,
			);
			path = PayRit;
			sourceTree = "<group>";
		};
		BC595DDB2B8D8AC400CA555E /* Preview Content */ = {
			isa = PBXGroup;
			children = (
				BC595DDC2B8D8AC400CA555E /* Preview Assets.xcassets */,
			);
			path = "Preview Content";
			sourceTree = "<group>";
		};
		BC595DE72B8D8DCF00CA555E /* Common */ = {
			isa = PBXGroup;
			children = (
				BCD9425A2B8F639A00BF61CD /* CustomTextField.swift */,
				BC1CF8D82B96C8D800A9BF12 /* CustomAlert.swift */,
			);
			path = Common;
			sourceTree = "<group>";
		};
		BC595DE82B8D8DD600CA555E /* TabBar */ = {
			isa = PBXGroup;
			children = (
				BC595DEE2B8D8E9800CA555E /* View */,
			);
			path = TabBar;
			sourceTree = "<group>";
		};
		BC595DE92B8D8DE200CA555E /* Extensions */ = {
			isa = PBXGroup;
			children = (
				BC595E032B8DA83600CA555E /* UIScreen +.swift */,
				BC595E092B8DAFD600CA555E /* Font +.swift */,
				BC595E182B8DB75600CA555E /* Color +.swift */,
				BCE280D92B8F75120085D45E /* View +.swift */,
				BCE280DB2B8F75440085D45E /* ViewModifier.swift */,
			);
			path = Extensions;
			sourceTree = "<group>";
		};
		BC595DEA2B8D8DF300CA555E /* Config */ = {
			isa = PBXGroup;
			children = (
				BC595E0B2B8DB0B500CA555E /* Info.plist */,
				BC595E162B8DB52E00CA555E /* HSSantokki-Regular.ttf */,
				BC595DD92B8D8AC400CA555E /* Assets.xcassets */,
			);
			path = Config;
			sourceTree = "<group>";
		};
		BC595DEB2B8D8E0800CA555E /* Model */ = {
			isa = PBXGroup;
			children = (
				BCC9EC032B8F09A6001E18F0 /* Document.swift */,
			);
			path = Model;
			sourceTree = "<group>";
		};
		BC595DEC2B8D8E4600CA555E /* UserDefaults */ = {
			isa = PBXGroup;
			children = (
			);
			path = UserDefaults;
			sourceTree = "<group>";
		};
		BC595DED2B8D8E6200CA555E /* Service */ = {
			isa = PBXGroup;
			children = (
			);
			path = Service;
			sourceTree = "<group>";
		};
		BC595DEE2B8D8E9800CA555E /* View */ = {
			isa = PBXGroup;
			children = (
				BC595DEF2B8D8EAE00CA555E /* TabBarView.swift */,
			);
			path = View;
			sourceTree = "<group>";
		};
		BC595DFE2B8DA1E200CA555E /* SignIn */ = {
			isa = PBXGroup;
			children = (
				BC595DFF2B8DA20100CA555E /* View */,
				BC595E002B8DA20500CA555E /* ViewModel */,
			);
			path = SignIn;
			sourceTree = "<group>";
		};
		BC595DFF2B8DA20100CA555E /* View */ = {
			isa = PBXGroup;
			children = (
				BC595DD72B8D8AC300CA555E /* SignInView.swift */,
			);
			path = View;
			sourceTree = "<group>";
		};
		BC595E002B8DA20500CA555E /* ViewModel */ = {
			isa = PBXGroup;
			children = (
				BC595E012B8DA21300CA555E /* SignInStore.swift */,
			);
			path = ViewModel;
			sourceTree = "<group>";
		};
		BC595E1D2B8DBDB300CA555E /* LaunchScreen */ = {
			isa = PBXGroup;
			children = (
				BC595E242B8DC9AC00CA555E /* Launch Screen.storyboard */,
				BCD942522B8F0E0600BF61CD /* LaunchScreenTest.swift */,
			);
			path = LaunchScreen;
			sourceTree = "<group>";
		};
		BC595E262B8DDFC800CA555E /* Home */ = {
			isa = PBXGroup;
			children = (
				BC595E292B8DDFDF00CA555E /* View */,
				BC9E55CA2B936F7E00B100C6 /* ViewModel */,
			);
			path = Home;
			sourceTree = "<group>";
		};
		BC595E292B8DDFDF00CA555E /* View */ = {
			isa = PBXGroup;
			children = (
				BC595E272B8DDFDD00CA555E /* HomeView.swift */,
				BC9E55CD2B956B7300B100C6 /* LoanDetailView.swift */,
				BCDC9C552B958FA2002D8A4A /* LoanDetailImageView.swift */,
			);
			path = View;
			sourceTree = "<group>";
		};
		BC5C57042B974FC700A55CC7 /* ViewModel */ = {
			isa = PBXGroup;
			children = (
			);
			path = ViewModel;
			sourceTree = "<group>";
		};
		BC5C572A2B977B6800A55CC7 /* KakaoAddress */ = {
			isa = PBXGroup;
			children = (
				BC5C57082B975A2400A55CC7 /* KakaoAdressView.swift */,
			);
			path = KakaoAddress;
			sourceTree = "<group>";
		};
		BC9E55CA2B936F7E00B100C6 /* ViewModel */ = {
			isa = PBXGroup;
			children = (
				BC9E55CB2B936F9700B100C6 /* HomeStore.swift */,
			);
			path = ViewModel;
			sourceTree = "<group>";
		};
		BCD942542B8F1D3100BF61CD /* MyPage */ = {
			isa = PBXGroup;
			children = (
				BCD942552B8F1D4C00BF61CD /* View */,
				BCD942582B8F1D9200BF61CD /* ViewModel */,
			);
			path = MyPage;
			sourceTree = "<group>";
		};
		BCD942552B8F1D4C00BF61CD /* View */ = {
			isa = PBXGroup;
			children = (
				BCD942562B8F1D5400BF61CD /* MyPageView.swift */,
			);
			path = View;
			sourceTree = "<group>";
		};
		BCD942582B8F1D9200BF61CD /* ViewModel */ = {
			isa = PBXGroup;
			children = (
			);
			path = ViewModel;
			sourceTree = "<group>";
		};
		BCD9425C2B8F6FBA00BF61CD /* App */ = {
			isa = PBXGroup;
			children = (
				BC595DD52B8D8AC300CA555E /* PayRitApp.swift */,
			);
			path = App;
			sourceTree = "<group>";
		};
		BCE280DD2B9020BE0085D45E /* Writing */ = {
			isa = PBXGroup;
			children = (
				BCE280DE2B9021E30085D45E /* View */,
				BC5C57042B974FC700A55CC7 /* ViewModel */,
			);
			path = Writing;
			sourceTree = "<group>";
		};
		BCE280DE2B9021E30085D45E /* View */ = {
			isa = PBXGroup;
			children = (
				BCE280DF2B9021EE0085D45E /* WritingView.swift */,
				BCE280E32B903BE50085D45E /* SelectDocumentTypeView.swift */,
				BCE280E12B903B660085D45E /* TransactionDetailWritingView.swift */,
				BC1CF8D62B961F5600A9BF12 /* MyInfoWritingView.swift */,
				BC4876C72B9721F3006B15C0 /* PartnerInfoWritingView.swift */,
				BC1CF8DC2B96FCA200A9BF12 /* WritingCheckView.swift */,
			);
			path = View;
			sourceTree = "<group>";
		};
/* End PBXGroup section */

/* Begin PBXNativeTarget section */
		BC595DD12B8D8AC300CA555E /* PayRit */ = {
			isa = PBXNativeTarget;
			buildConfigurationList = BC595DE02B8D8AC400CA555E /* Build configuration list for PBXNativeTarget "PayRit" */;
			buildPhases = (
				BC595DCE2B8D8AC300CA555E /* Sources */,
				BC595DCF2B8D8AC300CA555E /* Frameworks */,
				BC595DD02B8D8AC300CA555E /* Resources */,
				BC595DE32B8D8AD100CA555E /* SwiftLint Script */,
				BCD942592B8F1FAA00BF61CD /* ShellScript */,
			);
			buildRules = (
			);
			dependencies = (
			);
			name = PayRit;
			packageProductDependencies = (
				BC595DF42B8D941900CA555E /* KakaoSDK */,
				BC595DF62B8D941900CA555E /* KakaoSDKAuth */,
				BC595DF82B8D941900CA555E /* KakaoSDKCert */,
				BC595DFA2B8D941900CA555E /* KakaoSDKCertCore */,
				BC595DFC2B8D941900CA555E /* KakaoSDKCommon */,
			);
			productName = PayRit;
			productReference = BC595DD22B8D8AC300CA555E /* PayRit.app */;
			productType = "com.apple.product-type.application";
		};
/* End PBXNativeTarget section */

/* Begin PBXProject section */
		BC595DCA2B8D8AC300CA555E /* Project object */ = {
			isa = PBXProject;
			attributes = {
				BuildIndependentTargetsInParallel = 1;
				LastSwiftUpdateCheck = 1520;
				LastUpgradeCheck = 1520;
				TargetAttributes = {
					BC595DD12B8D8AC300CA555E = {
						CreatedOnToolsVersion = 15.2;
					};
				};
			};
			buildConfigurationList = BC595DCD2B8D8AC300CA555E /* Build configuration list for PBXProject "PayRit" */;
			compatibilityVersion = "Xcode 14.0";
			developmentRegion = ko;
			hasScannedForEncodings = 0;
			knownRegions = (
				en,
				Base,
				ko,
			);
			mainGroup = BC595DC92B8D8AC300CA555E;
			packageReferences = (
				BC595DF32B8D941900CA555E /* XCRemoteSwiftPackageReference "kakao-ios-sdk" */,
			);
			productRefGroup = BC595DD32B8D8AC300CA555E /* Products */;
			projectDirPath = "";
			projectRoot = "";
			targets = (
				BC595DD12B8D8AC300CA555E /* PayRit */,
			);
		};
/* End PBXProject section */

/* Begin PBXResourcesBuildPhase section */
		BC595DD02B8D8AC300CA555E /* Resources */ = {
			isa = PBXResourcesBuildPhase;
			buildActionMask = 2147483647;
			files = (
				BCD942512B8F0CCC00BF61CD /* .swiftlint.yml in Resources */,
				BC595E172B8DB52E00CA555E /* HSSantokki-Regular.ttf in Resources */,
				BC595DDD2B8D8AC400CA555E /* Preview Assets.xcassets in Resources */,
				BC595E252B8DC9AC00CA555E /* Launch Screen.storyboard in Resources */,
				BC595DDA2B8D8AC400CA555E /* Assets.xcassets in Resources */,
			);
			runOnlyForDeploymentPostprocessing = 0;
		};
/* End PBXResourcesBuildPhase section */

/* Begin PBXShellScriptBuildPhase section */
		BC595DE32B8D8AD100CA555E /* SwiftLint Script */ = {
			isa = PBXShellScriptBuildPhase;
			alwaysOutOfDate = 1;
			buildActionMask = 2147483647;
			files = (
			);
			inputFileListPaths = (
			);
			inputPaths = (
			);
			name = "SwiftLint Script";
			outputFileListPaths = (
			);
			outputPaths = (
			);
			runOnlyForDeploymentPostprocessing = 0;
			shellPath = /bin/sh;
			shellScript = "if [[ \"$(uname -m)\" == arm64 ]]; then\n    export PATH=\"/opt/homebrew/bin:$PATH\"\nfi\n\nif which swiftlint > /dev/null; then\n  swiftlint\nelse\n  echo \"warning: SwiftLint not installed, download from https://github.com/realm/SwiftLint\"\nfi\n";
		};
		BCD942592B8F1FAA00BF61CD /* ShellScript */ = {
			isa = PBXShellScriptBuildPhase;
			buildActionMask = 2147483647;
			files = (
			);
			inputFileListPaths = (
			);
			inputPaths = (
			);
			outputFileListPaths = (
			);
			outputPaths = (
			);
			runOnlyForDeploymentPostprocessing = 0;
			shellPath = /bin/sh;
			shellScript = "# Type a script or drag a script file from your workspace to insert its path.\n";
		};
/* End PBXShellScriptBuildPhase section */

/* Begin PBXSourcesBuildPhase section */
		BC595DCE2B8D8AC300CA555E /* Sources */ = {
			isa = PBXSourcesBuildPhase;
			buildActionMask = 2147483647;
			files = (
				BC9E55CC2B936F9700B100C6 /* HomeStore.swift in Sources */,
				BCE280E42B903BE50085D45E /* SelectDocumentTypeView.swift in Sources */,
				BCD9425B2B8F639A00BF61CD /* CustomTextField.swift in Sources */,
				BC1CF8D92B96C8D800A9BF12 /* CustomAlert.swift in Sources */,
				BC595E042B8DA83600CA555E /* UIScreen +.swift in Sources */,
				BC595DD82B8D8AC300CA555E /* SignInView.swift in Sources */,
				BCE280DA2B8F75120085D45E /* View +.swift in Sources */,
				BC4876C82B9721F3006B15C0 /* PartnerInfoWritingView.swift in Sources */,
				BC595E022B8DA21300CA555E /* SignInStore.swift in Sources */,
				BC9E55CE2B956B7300B100C6 /* LoanDetailView.swift in Sources */,
				BCD942532B8F0E0600BF61CD /* LaunchScreenTest.swift in Sources */,
				BCD942572B8F1D5400BF61CD /* MyPageView.swift in Sources */,
				BCC9EC042B8F09A6001E18F0 /* Document.swift in Sources */,
				BCE280E02B9021EE0085D45E /* WritingView.swift in Sources */,
				BC1CF8DD2B96FCA200A9BF12 /* WritingCheckView.swift in Sources */,
				BCE280E22B903B660085D45E /* TransactionDetailWritingView.swift in Sources */,
				BC595DF02B8D8EAE00CA555E /* TabBarView.swift in Sources */,
				BC1CF8D72B961F5600A9BF12 /* MyInfoWritingView.swift in Sources */,
				BC595DD62B8D8AC300CA555E /* PayRitApp.swift in Sources */,
				BC595E282B8DDFDD00CA555E /* HomeView.swift in Sources */,
				BC388DB52B904BAB005D1279 /* ContentView.swift in Sources */,
				BC595E0A2B8DAFD600CA555E /* Font +.swift in Sources */,
				BCDC9C562B958FA2002D8A4A /* LoanDetailImageView.swift in Sources */,
				BC5C57092B975A2400A55CC7 /* KakaoAdressView.swift in Sources */,
				BCE280DC2B8F75450085D45E /* ViewModifier.swift in Sources */,
				BC595E192B8DB75600CA555E /* Color +.swift in Sources */,
			);
			runOnlyForDeploymentPostprocessing = 0;
		};
/* End PBXSourcesBuildPhase section */

/* Begin XCBuildConfiguration section */
		BC595DDE2B8D8AC400CA555E /* Debug */ = {
			isa = XCBuildConfiguration;
			buildSettings = {
				ALWAYS_SEARCH_USER_PATHS = NO;
				ASSETCATALOG_COMPILER_GENERATE_SWIFT_ASSET_SYMBOL_EXTENSIONS = YES;
				CLANG_ANALYZER_NONNULL = YES;
				CLANG_ANALYZER_NUMBER_OBJECT_CONVERSION = YES_AGGRESSIVE;
				CLANG_CXX_LANGUAGE_STANDARD = "gnu++20";
				CLANG_ENABLE_MODULES = YES;
				CLANG_ENABLE_OBJC_ARC = YES;
				CLANG_ENABLE_OBJC_WEAK = YES;
				CLANG_WARN_BLOCK_CAPTURE_AUTORELEASING = YES;
				CLANG_WARN_BOOL_CONVERSION = YES;
				CLANG_WARN_COMMA = YES;
				CLANG_WARN_CONSTANT_CONVERSION = YES;
				CLANG_WARN_DEPRECATED_OBJC_IMPLEMENTATIONS = YES;
				CLANG_WARN_DIRECT_OBJC_ISA_USAGE = YES_ERROR;
				CLANG_WARN_DOCUMENTATION_COMMENTS = YES;
				CLANG_WARN_EMPTY_BODY = YES;
				CLANG_WARN_ENUM_CONVERSION = YES;
				CLANG_WARN_INFINITE_RECURSION = YES;
				CLANG_WARN_INT_CONVERSION = YES;
				CLANG_WARN_NON_LITERAL_NULL_CONVERSION = YES;
				CLANG_WARN_OBJC_IMPLICIT_RETAIN_SELF = YES;
				CLANG_WARN_OBJC_LITERAL_CONVERSION = YES;
				CLANG_WARN_OBJC_ROOT_CLASS = YES_ERROR;
				CLANG_WARN_QUOTED_INCLUDE_IN_FRAMEWORK_HEADER = YES;
				CLANG_WARN_RANGE_LOOP_ANALYSIS = YES;
				CLANG_WARN_STRICT_PROTOTYPES = YES;
				CLANG_WARN_SUSPICIOUS_MOVE = YES;
				CLANG_WARN_UNGUARDED_AVAILABILITY = YES_AGGRESSIVE;
				CLANG_WARN_UNREACHABLE_CODE = YES;
				CLANG_WARN__DUPLICATE_METHOD_MATCH = YES;
				COPY_PHASE_STRIP = NO;
				DEBUG_INFORMATION_FORMAT = dwarf;
				ENABLE_STRICT_OBJC_MSGSEND = YES;
				ENABLE_TESTABILITY = YES;
				ENABLE_USER_SCRIPT_SANDBOXING = YES;
				GCC_C_LANGUAGE_STANDARD = gnu17;
				GCC_DYNAMIC_NO_PIC = NO;
				GCC_NO_COMMON_BLOCKS = YES;
				GCC_OPTIMIZATION_LEVEL = 0;
				GCC_PREPROCESSOR_DEFINITIONS = (
					"DEBUG=1",
					"$(inherited)",
				);
				GCC_WARN_64_TO_32_BIT_CONVERSION = YES;
				GCC_WARN_ABOUT_RETURN_TYPE = YES_ERROR;
				GCC_WARN_UNDECLARED_SELECTOR = YES;
				GCC_WARN_UNINITIALIZED_AUTOS = YES_AGGRESSIVE;
				GCC_WARN_UNUSED_FUNCTION = YES;
				GCC_WARN_UNUSED_VARIABLE = YES;
				IPHONEOS_DEPLOYMENT_TARGET = 17.2;
				LOCALIZATION_PREFERS_STRING_CATALOGS = YES;
				MTL_ENABLE_DEBUG_INFO = INCLUDE_SOURCE;
				MTL_FAST_MATH = YES;
				ONLY_ACTIVE_ARCH = YES;
				SDKROOT = iphoneos;
				SWIFT_ACTIVE_COMPILATION_CONDITIONS = "DEBUG $(inherited)";
				SWIFT_OPTIMIZATION_LEVEL = "-Onone";
			};
			name = Debug;
		};
		BC595DDF2B8D8AC400CA555E /* Release */ = {
			isa = XCBuildConfiguration;
			buildSettings = {
				ALWAYS_SEARCH_USER_PATHS = NO;
				ASSETCATALOG_COMPILER_GENERATE_SWIFT_ASSET_SYMBOL_EXTENSIONS = YES;
				CLANG_ANALYZER_NONNULL = YES;
				CLANG_ANALYZER_NUMBER_OBJECT_CONVERSION = YES_AGGRESSIVE;
				CLANG_CXX_LANGUAGE_STANDARD = "gnu++20";
				CLANG_ENABLE_MODULES = YES;
				CLANG_ENABLE_OBJC_ARC = YES;
				CLANG_ENABLE_OBJC_WEAK = YES;
				CLANG_WARN_BLOCK_CAPTURE_AUTORELEASING = YES;
				CLANG_WARN_BOOL_CONVERSION = YES;
				CLANG_WARN_COMMA = YES;
				CLANG_WARN_CONSTANT_CONVERSION = YES;
				CLANG_WARN_DEPRECATED_OBJC_IMPLEMENTATIONS = YES;
				CLANG_WARN_DIRECT_OBJC_ISA_USAGE = YES_ERROR;
				CLANG_WARN_DOCUMENTATION_COMMENTS = YES;
				CLANG_WARN_EMPTY_BODY = YES;
				CLANG_WARN_ENUM_CONVERSION = YES;
				CLANG_WARN_INFINITE_RECURSION = YES;
				CLANG_WARN_INT_CONVERSION = YES;
				CLANG_WARN_NON_LITERAL_NULL_CONVERSION = YES;
				CLANG_WARN_OBJC_IMPLICIT_RETAIN_SELF = YES;
				CLANG_WARN_OBJC_LITERAL_CONVERSION = YES;
				CLANG_WARN_OBJC_ROOT_CLASS = YES_ERROR;
				CLANG_WARN_QUOTED_INCLUDE_IN_FRAMEWORK_HEADER = YES;
				CLANG_WARN_RANGE_LOOP_ANALYSIS = YES;
				CLANG_WARN_STRICT_PROTOTYPES = YES;
				CLANG_WARN_SUSPICIOUS_MOVE = YES;
				CLANG_WARN_UNGUARDED_AVAILABILITY = YES_AGGRESSIVE;
				CLANG_WARN_UNREACHABLE_CODE = YES;
				CLANG_WARN__DUPLICATE_METHOD_MATCH = YES;
				COPY_PHASE_STRIP = NO;
				DEBUG_INFORMATION_FORMAT = "dwarf-with-dsym";
				ENABLE_NS_ASSERTIONS = NO;
				ENABLE_STRICT_OBJC_MSGSEND = YES;
				ENABLE_USER_SCRIPT_SANDBOXING = YES;
				GCC_C_LANGUAGE_STANDARD = gnu17;
				GCC_NO_COMMON_BLOCKS = YES;
				GCC_WARN_64_TO_32_BIT_CONVERSION = YES;
				GCC_WARN_ABOUT_RETURN_TYPE = YES_ERROR;
				GCC_WARN_UNDECLARED_SELECTOR = YES;
				GCC_WARN_UNINITIALIZED_AUTOS = YES_AGGRESSIVE;
				GCC_WARN_UNUSED_FUNCTION = YES;
				GCC_WARN_UNUSED_VARIABLE = YES;
				IPHONEOS_DEPLOYMENT_TARGET = 17.2;
				LOCALIZATION_PREFERS_STRING_CATALOGS = YES;
				MTL_ENABLE_DEBUG_INFO = NO;
				MTL_FAST_MATH = YES;
				SDKROOT = iphoneos;
				SWIFT_COMPILATION_MODE = wholemodule;
				VALIDATE_PRODUCT = YES;
			};
			name = Release;
		};
		BC595DE12B8D8AC400CA555E /* Debug */ = {
			isa = XCBuildConfiguration;
			buildSettings = {
				ASSETCATALOG_COMPILER_APPICON_NAME = AppIcon;
				ASSETCATALOG_COMPILER_GLOBAL_ACCENT_COLOR_NAME = AccentColor;
				ASSETCATALOG_COMPILER_INCLUDE_ALL_APPICON_ASSETS = NO;
				CODE_SIGN_STYLE = Automatic;
				CURRENT_PROJECT_VERSION = 1;
				DEVELOPMENT_ASSET_PATHS = "\"PayRit/Preview Content\"";
				DEVELOPMENT_TEAM = 3URYLCPH2H;
				ENABLE_PREVIEWS = YES;
				ENABLE_USER_SCRIPT_SANDBOXING = NO;
				GENERATE_INFOPLIST_FILE = YES;
				INFOPLIST_FILE = PayRit/Config/Info.plist;
				INFOPLIST_KEY_UIApplicationSceneManifest_Generation = YES;
				INFOPLIST_KEY_UIApplicationSupportsIndirectInputEvents = YES;
				INFOPLIST_KEY_UILaunchStoryboardName = "Launch Screen.storyboard";
				INFOPLIST_KEY_UISupportedInterfaceOrientations_iPad = "UIInterfaceOrientationPortrait UIInterfaceOrientationPortraitUpsideDown UIInterfaceOrientationLandscapeLeft UIInterfaceOrientationLandscapeRight";
				INFOPLIST_KEY_UISupportedInterfaceOrientations_iPhone = "UIInterfaceOrientationPortrait UIInterfaceOrientationLandscapeLeft UIInterfaceOrientationLandscapeRight";
				LD_RUNPATH_SEARCH_PATHS = (
					"$(inherited)",
					"@executable_path/Frameworks",
				);
				MARKETING_VERSION = 1.0;
				PRODUCT_BUNDLE_IDENTIFIER = com.daejinlim.PayRit;
				PRODUCT_NAME = "$(TARGET_NAME)";
				SWIFT_EMIT_LOC_STRINGS = YES;
				SWIFT_VERSION = 5.0;
				TARGETED_DEVICE_FAMILY = "1,2";
			};
			name = Debug;
		};
		BC595DE22B8D8AC400CA555E /* Release */ = {
			isa = XCBuildConfiguration;
			buildSettings = {
				ASSETCATALOG_COMPILER_APPICON_NAME = AppIcon;
				ASSETCATALOG_COMPILER_GLOBAL_ACCENT_COLOR_NAME = AccentColor;
				ASSETCATALOG_COMPILER_INCLUDE_ALL_APPICON_ASSETS = NO;
				CODE_SIGN_STYLE = Automatic;
				CURRENT_PROJECT_VERSION = 1;
				DEVELOPMENT_ASSET_PATHS = "\"PayRit/Preview Content\"";
				DEVELOPMENT_TEAM = 3URYLCPH2H;
				ENABLE_PREVIEWS = YES;
				ENABLE_USER_SCRIPT_SANDBOXING = NO;
				GENERATE_INFOPLIST_FILE = YES;
				INFOPLIST_FILE = PayRit/Config/Info.plist;
				INFOPLIST_KEY_UIApplicationSceneManifest_Generation = YES;
				INFOPLIST_KEY_UIApplicationSupportsIndirectInputEvents = YES;
				INFOPLIST_KEY_UILaunchStoryboardName = "Launch Screen.storyboard";
				INFOPLIST_KEY_UISupportedInterfaceOrientations_iPad = "UIInterfaceOrientationPortrait UIInterfaceOrientationPortraitUpsideDown UIInterfaceOrientationLandscapeLeft UIInterfaceOrientationLandscapeRight";
				INFOPLIST_KEY_UISupportedInterfaceOrientations_iPhone = "UIInterfaceOrientationPortrait UIInterfaceOrientationLandscapeLeft UIInterfaceOrientationLandscapeRight";
				LD_RUNPATH_SEARCH_PATHS = (
					"$(inherited)",
					"@executable_path/Frameworks",
				);
				MARKETING_VERSION = 1.0;
				PRODUCT_BUNDLE_IDENTIFIER = com.daejinlim.PayRit;
				PRODUCT_NAME = "$(TARGET_NAME)";
				SWIFT_EMIT_LOC_STRINGS = YES;
				SWIFT_VERSION = 5.0;
				TARGETED_DEVICE_FAMILY = "1,2";
			};
			name = Release;
		};
/* End XCBuildConfiguration section */

/* Begin XCConfigurationList section */
		BC595DCD2B8D8AC300CA555E /* Build configuration list for PBXProject "PayRit" */ = {
			isa = XCConfigurationList;
			buildConfigurations = (
				BC595DDE2B8D8AC400CA555E /* Debug */,
				BC595DDF2B8D8AC400CA555E /* Release */,
			);
			defaultConfigurationIsVisible = 0;
			defaultConfigurationName = Release;
		};
		BC595DE02B8D8AC400CA555E /* Build configuration list for PBXNativeTarget "PayRit" */ = {
			isa = XCConfigurationList;
			buildConfigurations = (
				BC595DE12B8D8AC400CA555E /* Debug */,
				BC595DE22B8D8AC400CA555E /* Release */,
			);
			defaultConfigurationIsVisible = 0;
			defaultConfigurationName = Release;
		};
/* End XCConfigurationList section */

/* Begin XCRemoteSwiftPackageReference section */
		BC595DF32B8D941900CA555E /* XCRemoteSwiftPackageReference "kakao-ios-sdk" */ = {
			isa = XCRemoteSwiftPackageReference;
			repositoryURL = "https://github.com/kakao/kakao-ios-sdk";
			requirement = {
				kind = upToNextMajorVersion;
				minimumVersion = 2.20.0;
			};
		};
/* End XCRemoteSwiftPackageReference section */

/* Begin XCSwiftPackageProductDependency section */
		BC595DF42B8D941900CA555E /* KakaoSDK */ = {
			isa = XCSwiftPackageProductDependency;
			package = BC595DF32B8D941900CA555E /* XCRemoteSwiftPackageReference "kakao-ios-sdk" */;
			productName = KakaoSDK;
		};
		BC595DF62B8D941900CA555E /* KakaoSDKAuth */ = {
			isa = XCSwiftPackageProductDependency;
			package = BC595DF32B8D941900CA555E /* XCRemoteSwiftPackageReference "kakao-ios-sdk" */;
			productName = KakaoSDKAuth;
		};
		BC595DF82B8D941900CA555E /* KakaoSDKCert */ = {
			isa = XCSwiftPackageProductDependency;
			package = BC595DF32B8D941900CA555E /* XCRemoteSwiftPackageReference "kakao-ios-sdk" */;
			productName = KakaoSDKCert;
		};
		BC595DFA2B8D941900CA555E /* KakaoSDKCertCore */ = {
			isa = XCSwiftPackageProductDependency;
			package = BC595DF32B8D941900CA555E /* XCRemoteSwiftPackageReference "kakao-ios-sdk" */;
			productName = KakaoSDKCertCore;
		};
		BC595DFC2B8D941900CA555E /* KakaoSDKCommon */ = {
			isa = XCSwiftPackageProductDependency;
			package = BC595DF32B8D941900CA555E /* XCRemoteSwiftPackageReference "kakao-ios-sdk" */;
			productName = KakaoSDKCommon;
		};
/* End XCSwiftPackageProductDependency section */
	};
	rootObject = BC595DCA2B8D8AC300CA555E /* Project object */;
}
