// !$*UTF8*$!
{
	archiveVersion = 1;
	classes = {
	};
	objectVersion = 56;
	objects = {

/* Begin PBXBuildFile section */
		BC020FEF2BBEC2FE00116A6B /* iamport-ios in Frameworks */ = {isa = PBXBuildFile; productRef = BC020FEE2BBEC2FE00116A6B /* iamport-ios */; };
		BC0210192BC4E06500116A6B /* PaymentView.swift in Sources */ = {isa = PBXBuildFile; fileRef = BC0210102BC4E06500116A6B /* PaymentView.swift */; };
		BC02101B2BC4E06500116A6B /* IMPCertificationView.swift in Sources */ = {isa = PBXBuildFile; fileRef = BC0210122BC4E06500116A6B /* IMPCertificationView.swift */; };
		BC0210262BC4E08700116A6B /* Order.swift in Sources */ = {isa = PBXBuildFile; fileRef = BC0210232BC4E08700116A6B /* Order.swift */; };
		BC0210272BC4E08700116A6B /* PubData.swift in Sources */ = {isa = PBXBuildFile; fileRef = BC0210242BC4E08700116A6B /* PubData.swift */; };
		BC0210282BC4E08700116A6B /* Cert.swift in Sources */ = {isa = PBXBuildFile; fileRef = BC0210252BC4E08700116A6B /* Cert.swift */; };
		BC02102B2BC4E09D00116A6B /* Utils.swift in Sources */ = {isa = PBXBuildFile; fileRef = BC0210292BC4E09D00116A6B /* Utils.swift */; };
		BC02102C2BC4E09D00116A6B /* IamportStore.swift in Sources */ = {isa = PBXBuildFile; fileRef = BC02102A2BC4E09D00116A6B /* IamportStore.swift */; };
		BC02102E2BC5957B00116A6B /* MyCertInfoView.swift in Sources */ = {isa = PBXBuildFile; fileRef = BC02102D2BC5957B00116A6B /* MyCertInfoView.swift */; };
		BC0210302BC595D900116A6B /* CertificationInfo.swift in Sources */ = {isa = PBXBuildFile; fileRef = BC02102F2BC595D900116A6B /* CertificationInfo.swift */; };
		BC1219612BA1D6FC00B575F8 /* Deducted.swift in Sources */ = {isa = PBXBuildFile; fileRef = BC1219602BA1D6FC00B575F8 /* Deducted.swift */; };
		BC1219652BA29FE700B575F8 /* CertificateAcceptView.swift in Sources */ = {isa = PBXBuildFile; fileRef = BC1219642BA29FE700B575F8 /* CertificateAcceptView.swift */; };
		BC1219672BA32E4700B575F8 /* PDFKitView.swift in Sources */ = {isa = PBXBuildFile; fileRef = BC1219662BA32E4700B575F8 /* PDFKitView.swift */; };
		BC1219692BA35B1000B575F8 /* CertificateToDoucumentView.swift in Sources */ = {isa = PBXBuildFile; fileRef = BC1219682BA35B1000B575F8 /* CertificateToDoucumentView.swift */; };
		BC12196D2BA43D8200B575F8 /* UserDefaultsManager.swift in Sources */ = {isa = PBXBuildFile; fileRef = BC12196C2BA43D8200B575F8 /* UserDefaultsManager.swift */; };
		BC12196F2BA5F21F00B575F8 /* CertificateDocumentView.swift in Sources */ = {isa = PBXBuildFile; fileRef = BC1219622BA293EE00B575F8 /* CertificateDocumentView.swift */; };
		BC1219742BA7204600B575F8 /* TabBarStore.swift in Sources */ = {isa = PBXBuildFile; fileRef = BC1219732BA7204600B575F8 /* TabBarStore.swift */; };
		BC1CF8D72B961F5600A9BF12 /* MyInfoWritingView.swift in Sources */ = {isa = PBXBuildFile; fileRef = BC1CF8D62B961F5600A9BF12 /* MyInfoWritingView.swift */; };
		BC1CF8D92B96C8D800A9BF12 /* CustomAlert.swift in Sources */ = {isa = PBXBuildFile; fileRef = BC1CF8D82B96C8D800A9BF12 /* CustomAlert.swift */; };
		BC1CF8DD2B96FCA200A9BF12 /* WritingCheckView.swift in Sources */ = {isa = PBXBuildFile; fileRef = BC1CF8DC2B96FCA200A9BF12 /* WritingCheckView.swift */; };
		BC2193962BA99BC000EE7B68 /* Certificate.swift in Sources */ = {isa = PBXBuildFile; fileRef = BC2193952BA99BC000EE7B68 /* Certificate.swift */; };
		BC2193982BAC0DF000EE7B68 /* String +.swift in Sources */ = {isa = PBXBuildFile; fileRef = BC2193972BAC0DF000EE7B68 /* String +.swift */; };
		BC21939A2BAF34A000EE7B68 /* SafariView.swift in Sources */ = {isa = PBXBuildFile; fileRef = BC2193992BAF34A000EE7B68 /* SafariView.swift */; };
		BC21939C2BB015D700EE7B68 /* Int +.swift in Sources */ = {isa = PBXBuildFile; fileRef = BC21939B2BB015D700EE7B68 /* Int +.swift */; };
		BC21939F2BB038B200EE7B68 /* FirebaseAnalytics in Frameworks */ = {isa = PBXBuildFile; productRef = BC21939E2BB038B200EE7B68 /* FirebaseAnalytics */; };
		BC2193A12BB038B200EE7B68 /* FirebaseMessaging in Frameworks */ = {isa = PBXBuildFile; productRef = BC2193A02BB038B200EE7B68 /* FirebaseMessaging */; };
		BC2193A62BB03D7F00EE7B68 /* NotificationView.swift in Sources */ = {isa = PBXBuildFile; fileRef = BC2193A52BB03D7F00EE7B68 /* NotificationView.swift */; };
		BC2193A82BB03D8C00EE7B68 /* PayritNoti.swift in Sources */ = {isa = PBXBuildFile; fileRef = BC2193A72BB03D8C00EE7B68 /* PayritNoti.swift */; };
		BC2193AB2BB0416400EE7B68 /* NotificationStore.swift in Sources */ = {isa = PBXBuildFile; fileRef = BC2193AA2BB0416400EE7B68 /* NotificationStore.swift */; };
		BC2193B02BB06EB600EE7B68 /* Config.xcconfig in Resources */ = {isa = PBXBuildFile; fileRef = BC2193AD2BB066E700EE7B68 /* Config.xcconfig */; };
		BC2193B42BB12DCF00EE7B68 /* PrivacyInfo.xcprivacy in Resources */ = {isa = PBXBuildFile; fileRef = BC2193B32BB12DBF00EE7B68 /* PrivacyInfo.xcprivacy */; };
		BC2193B72BB1472400EE7B68 /* CarouselView.swift in Sources */ = {isa = PBXBuildFile; fileRef = BC2193B62BB1472400EE7B68 /* CarouselView.swift */; };
		BC2193B92BB1BAF900EE7B68 /* SUIT-ExtraBold.otf in Resources */ = {isa = PBXBuildFile; fileRef = BC2193B82BB1BAF900EE7B68 /* SUIT-ExtraBold.otf */; };
		BC29AA3B2BA1BEB9002CB968 /* CertificateSerchingView.swift in Sources */ = {isa = PBXBuildFile; fileRef = BC29AA3A2BA1BEB9002CB968 /* CertificateSerchingView.swift */; };
		BC2D51CC2B9ECD870041FD77 /* CertificateMemoView.swift in Sources */ = {isa = PBXBuildFile; fileRef = BC2D51CB2B9ECD870041FD77 /* CertificateMemoView.swift */; };
		BC2D51CE2B9F35260041FD77 /* CertificateDeductibleView.swift in Sources */ = {isa = PBXBuildFile; fileRef = BC2D51CD2B9F35260041FD77 /* CertificateDeductibleView.swift */; };
		BC388DB52B904BAB005D1279 /* ContentView.swift in Sources */ = {isa = PBXBuildFile; fileRef = BC388DB42B904BAB005D1279 /* ContentView.swift */; };
		BC4876C82B9721F3006B15C0 /* PartnerInfoWritingView.swift in Sources */ = {isa = PBXBuildFile; fileRef = BC4876C72B9721F3006B15C0 /* PartnerInfoWritingView.swift */; };
		BC595DD62B8D8AC300CA555E /* PayRitApp.swift in Sources */ = {isa = PBXBuildFile; fileRef = BC595DD52B8D8AC300CA555E /* PayRitApp.swift */; };
		BC595DD82B8D8AC300CA555E /* SignInView.swift in Sources */ = {isa = PBXBuildFile; fileRef = BC595DD72B8D8AC300CA555E /* SignInView.swift */; };
		BC595DDA2B8D8AC400CA555E /* Assets.xcassets in Resources */ = {isa = PBXBuildFile; fileRef = BC595DD92B8D8AC400CA555E /* Assets.xcassets */; };
		BC595DDD2B8D8AC400CA555E /* Preview Assets.xcassets in Resources */ = {isa = PBXBuildFile; fileRef = BC595DDC2B8D8AC400CA555E /* Preview Assets.xcassets */; };
		BC595DF02B8D8EAE00CA555E /* TabBarView.swift in Sources */ = {isa = PBXBuildFile; fileRef = BC595DEF2B8D8EAE00CA555E /* TabBarView.swift */; };
		BC595DF52B8D941900CA555E /* KakaoSDK in Frameworks */ = {isa = PBXBuildFile; productRef = BC595DF42B8D941900CA555E /* KakaoSDK */; };
		BC595DF72B8D941900CA555E /* KakaoSDKAuth in Frameworks */ = {isa = PBXBuildFile; productRef = BC595DF62B8D941900CA555E /* KakaoSDKAuth */; };
		BC595DF92B8D941900CA555E /* KakaoSDKCert in Frameworks */ = {isa = PBXBuildFile; productRef = BC595DF82B8D941900CA555E /* KakaoSDKCert */; };
		BC595DFB2B8D941900CA555E /* KakaoSDKCertCore in Frameworks */ = {isa = PBXBuildFile; productRef = BC595DFA2B8D941900CA555E /* KakaoSDKCertCore */; };
		BC595DFD2B8D941900CA555E /* KakaoSDKCommon in Frameworks */ = {isa = PBXBuildFile; productRef = BC595DFC2B8D941900CA555E /* KakaoSDKCommon */; };
		BC595E022B8DA21300CA555E /* SignInStore.swift in Sources */ = {isa = PBXBuildFile; fileRef = BC595E012B8DA21300CA555E /* SignInStore.swift */; };
		BC595E042B8DA83600CA555E /* UIScreen +.swift in Sources */ = {isa = PBXBuildFile; fileRef = BC595E032B8DA83600CA555E /* UIScreen +.swift */; };
		BC595E0A2B8DAFD600CA555E /* Font +.swift in Sources */ = {isa = PBXBuildFile; fileRef = BC595E092B8DAFD600CA555E /* Font +.swift */; };
		BC595E192B8DB75600CA555E /* Color +.swift in Sources */ = {isa = PBXBuildFile; fileRef = BC595E182B8DB75600CA555E /* Color +.swift */; };
		BC595E252B8DC9AC00CA555E /* Launch Screen.storyboard in Resources */ = {isa = PBXBuildFile; fileRef = BC595E242B8DC9AC00CA555E /* Launch Screen.storyboard */; };
		BC595E282B8DDFDD00CA555E /* HomeView.swift in Sources */ = {isa = PBXBuildFile; fileRef = BC595E272B8DDFDD00CA555E /* HomeView.swift */; };
		BC5C57092B975A2400A55CC7 /* KakaoAdressView.swift in Sources */ = {isa = PBXBuildFile; fileRef = BC5C57082B975A2400A55CC7 /* KakaoAdressView.swift */; };
		BC62BFF02BA02011000A1BA5 /* PaymentHistoryView.swift in Sources */ = {isa = PBXBuildFile; fileRef = BC62BFEF2BA02011000A1BA5 /* PaymentHistoryView.swift */; };
		BC62BFF22BA02481000A1BA5 /* Payment.swift in Sources */ = {isa = PBXBuildFile; fileRef = BC62BFF12BA02481000A1BA5 /* Payment.swift */; };
		BC62BFF42BA02B61000A1BA5 /* AlarmSettingView.swift in Sources */ = {isa = PBXBuildFile; fileRef = BC62BFF32BA02B61000A1BA5 /* AlarmSettingView.swift */; };
		BC62BFF62BA1551F000A1BA5 /* Date +.swift in Sources */ = {isa = PBXBuildFile; fileRef = BC62BFF52BA1551F000A1BA5 /* Date +.swift */; };
		BC62BFF82BA15695000A1BA5 /* WritingStore.swift in Sources */ = {isa = PBXBuildFile; fileRef = BC62BFF72BA15695000A1BA5 /* WritingStore.swift */; };
		BC6829192B9CA836009EF3F5 /* SUIT-Regular.otf in Resources */ = {isa = PBXBuildFile; fileRef = BC6829182B9CA836009EF3F5 /* SUIT-Regular.otf */; };
		BC68291B2B9CACC6009EF3F5 /* SUIT-Medium.otf in Resources */ = {isa = PBXBuildFile; fileRef = BC68291A2B9CACC6009EF3F5 /* SUIT-Medium.otf */; };
		BC68291F2B9CEE87009EF3F5 /* Memo.swift in Sources */ = {isa = PBXBuildFile; fileRef = BC68291E2B9CEE87009EF3F5 /* Memo.swift */; };
		BC6E3FD12BB2A06000A4E004 /* GoogleService-Info.plist in Resources */ = {isa = PBXBuildFile; fileRef = BC6E3FD02BB2A06000A4E004 /* GoogleService-Info.plist */; };
		BC6F652B2B9B355200FB9FA7 /* User.swift in Sources */ = {isa = PBXBuildFile; fileRef = BC6F652A2B9B355200FB9FA7 /* User.swift */; };
		BC6F652D2B9B394800FB9FA7 /* MembershipWithdrawalView.swift in Sources */ = {isa = PBXBuildFile; fileRef = BC6F652C2B9B394800FB9FA7 /* MembershipWithdrawalView.swift */; };
		BC6F652F2B9B3D9000FB9FA7 /* MyPageStore.swift in Sources */ = {isa = PBXBuildFile; fileRef = BC6F652E2B9B3D9000FB9FA7 /* MyPageStore.swift */; };
		BC6F65332B9CA37A00FB9FA7 /* SUIT-SemiBold.otf in Resources */ = {isa = PBXBuildFile; fileRef = BC6F65322B9CA37A00FB9FA7 /* SUIT-SemiBold.otf */; };
		BC6F65352B9CA3C100FB9FA7 /* SUIT-Bold.otf in Resources */ = {isa = PBXBuildFile; fileRef = BC6F65342B9CA3C100FB9FA7 /* SUIT-Bold.otf */; };
		BC947A5D2B984AEF00295C7B /* MyInfoView.swift in Sources */ = {isa = PBXBuildFile; fileRef = BC947A5C2B984AEF00295C7B /* MyInfoView.swift */; };
		BC9563502B9F3B130014010C /* MFMailView.swift in Sources */ = {isa = PBXBuildFile; fileRef = BC95634F2B9F3B130014010C /* MFMailView.swift */; };
		BC9E55CC2B936F9700B100C6 /* HomeStore.swift in Sources */ = {isa = PBXBuildFile; fileRef = BC9E55CB2B936F9700B100C6 /* HomeStore.swift */; };
		BC9E55CE2B956B7300B100C6 /* CertificateDetailView.swift in Sources */ = {isa = PBXBuildFile; fileRef = BC9E55CD2B956B7300B100C6 /* CertificateDetailView.swift */; };
		BCC9EC042B8F09A6001E18F0 /* CertificateDetail.swift in Sources */ = {isa = PBXBuildFile; fileRef = BCC9EC032B8F09A6001E18F0 /* CertificateDetail.swift */; };
		BCD942512B8F0CCC00BF61CD /* .swiftlint.yml in Resources */ = {isa = PBXBuildFile; fileRef = BCD942502B8F0CCC00BF61CD /* .swiftlint.yml */; };
		BCD942572B8F1D5400BF61CD /* MyPageView.swift in Sources */ = {isa = PBXBuildFile; fileRef = BCD942562B8F1D5400BF61CD /* MyPageView.swift */; };
		BCD9425B2B8F639A00BF61CD /* CustomTextField.swift in Sources */ = {isa = PBXBuildFile; fileRef = BCD9425A2B8F639A00BF61CD /* CustomTextField.swift */; };
		BCE280DA2B8F75120085D45E /* View +.swift in Sources */ = {isa = PBXBuildFile; fileRef = BCE280D92B8F75120085D45E /* View +.swift */; };
		BCE280DC2B8F75450085D45E /* ViewModifier.swift in Sources */ = {isa = PBXBuildFile; fileRef = BCE280DB2B8F75440085D45E /* ViewModifier.swift */; };
		BCE280E02B9021EE0085D45E /* WritingView.swift in Sources */ = {isa = PBXBuildFile; fileRef = BCE280DF2B9021EE0085D45E /* WritingView.swift */; };
		BCE280E22B903B660085D45E /* WritingCertificateInfoView.swift in Sources */ = {isa = PBXBuildFile; fileRef = BCE280E12B903B660085D45E /* WritingCertificateInfoView.swift */; };
		BCE280E42B903BE50085D45E /* SelectCertificateTypeView.swift in Sources */ = {isa = PBXBuildFile; fileRef = BCE280E32B903BE50085D45E /* SelectCertificateTypeView.swift */; };
/* End PBXBuildFile section */

/* Begin PBXFileReference section */
		BC0210102BC4E06500116A6B /* PaymentView.swift */ = {isa = PBXFileReference; fileEncoding = 4; lastKnownFileType = sourcecode.swift; path = PaymentView.swift; sourceTree = "<group>"; };
		BC0210122BC4E06500116A6B /* IMPCertificationView.swift */ = {isa = PBXFileReference; fileEncoding = 4; lastKnownFileType = sourcecode.swift; path = IMPCertificationView.swift; sourceTree = "<group>"; };
		BC0210232BC4E08700116A6B /* Order.swift */ = {isa = PBXFileReference; fileEncoding = 4; lastKnownFileType = sourcecode.swift; path = Order.swift; sourceTree = "<group>"; };
		BC0210242BC4E08700116A6B /* PubData.swift */ = {isa = PBXFileReference; fileEncoding = 4; lastKnownFileType = sourcecode.swift; path = PubData.swift; sourceTree = "<group>"; };
		BC0210252BC4E08700116A6B /* Cert.swift */ = {isa = PBXFileReference; fileEncoding = 4; lastKnownFileType = sourcecode.swift; path = Cert.swift; sourceTree = "<group>"; };
		BC0210292BC4E09D00116A6B /* Utils.swift */ = {isa = PBXFileReference; fileEncoding = 4; lastKnownFileType = sourcecode.swift; path = Utils.swift; sourceTree = "<group>"; };
		BC02102A2BC4E09D00116A6B /* IamportStore.swift */ = {isa = PBXFileReference; fileEncoding = 4; lastKnownFileType = sourcecode.swift; path = IamportStore.swift; sourceTree = "<group>"; };
		BC02102D2BC5957B00116A6B /* MyCertInfoView.swift */ = {isa = PBXFileReference; lastKnownFileType = sourcecode.swift; path = MyCertInfoView.swift; sourceTree = "<group>"; };
		BC02102F2BC595D900116A6B /* CertificationInfo.swift */ = {isa = PBXFileReference; lastKnownFileType = sourcecode.swift; path = CertificationInfo.swift; sourceTree = "<group>"; };
		BC1219602BA1D6FC00B575F8 /* Deducted.swift */ = {isa = PBXFileReference; lastKnownFileType = sourcecode.swift; path = Deducted.swift; sourceTree = "<group>"; };
		BC1219622BA293EE00B575F8 /* CertificateDocumentView.swift */ = {isa = PBXFileReference; lastKnownFileType = sourcecode.swift; path = CertificateDocumentView.swift; sourceTree = "<group>"; };
		BC1219642BA29FE700B575F8 /* CertificateAcceptView.swift */ = {isa = PBXFileReference; lastKnownFileType = sourcecode.swift; path = CertificateAcceptView.swift; sourceTree = "<group>"; };
		BC1219662BA32E4700B575F8 /* PDFKitView.swift */ = {isa = PBXFileReference; lastKnownFileType = sourcecode.swift; path = PDFKitView.swift; sourceTree = "<group>"; };
		BC1219682BA35B1000B575F8 /* CertificateToDoucumentView.swift */ = {isa = PBXFileReference; lastKnownFileType = sourcecode.swift; path = CertificateToDoucumentView.swift; sourceTree = "<group>"; };
		BC12196A2BA4010500B575F8 /* PayRit.entitlements */ = {isa = PBXFileReference; lastKnownFileType = text.plist.entitlements; path = PayRit.entitlements; sourceTree = "<group>"; };
		BC12196C2BA43D8200B575F8 /* UserDefaultsManager.swift */ = {isa = PBXFileReference; lastKnownFileType = sourcecode.swift; path = UserDefaultsManager.swift; sourceTree = "<group>"; };
		BC1219732BA7204600B575F8 /* TabBarStore.swift */ = {isa = PBXFileReference; lastKnownFileType = sourcecode.swift; path = TabBarStore.swift; sourceTree = "<group>"; };
		BC1CF8D62B961F5600A9BF12 /* MyInfoWritingView.swift */ = {isa = PBXFileReference; lastKnownFileType = sourcecode.swift; path = MyInfoWritingView.swift; sourceTree = "<group>"; };
		BC1CF8D82B96C8D800A9BF12 /* CustomAlert.swift */ = {isa = PBXFileReference; lastKnownFileType = sourcecode.swift; path = CustomAlert.swift; sourceTree = "<group>"; };
		BC1CF8DC2B96FCA200A9BF12 /* WritingCheckView.swift */ = {isa = PBXFileReference; lastKnownFileType = sourcecode.swift; path = WritingCheckView.swift; sourceTree = "<group>"; };
		BC2193952BA99BC000EE7B68 /* Certificate.swift */ = {isa = PBXFileReference; lastKnownFileType = sourcecode.swift; path = Certificate.swift; sourceTree = "<group>"; };
		BC2193972BAC0DF000EE7B68 /* String +.swift */ = {isa = PBXFileReference; lastKnownFileType = sourcecode.swift; path = "String +.swift"; sourceTree = "<group>"; };
		BC2193992BAF34A000EE7B68 /* SafariView.swift */ = {isa = PBXFileReference; lastKnownFileType = sourcecode.swift; path = SafariView.swift; sourceTree = "<group>"; };
		BC21939B2BB015D700EE7B68 /* Int +.swift */ = {isa = PBXFileReference; lastKnownFileType = sourcecode.swift; path = "Int +.swift"; sourceTree = "<group>"; };
		BC2193A52BB03D7F00EE7B68 /* NotificationView.swift */ = {isa = PBXFileReference; lastKnownFileType = sourcecode.swift; path = NotificationView.swift; sourceTree = "<group>"; };
		BC2193A72BB03D8C00EE7B68 /* PayritNoti.swift */ = {isa = PBXFileReference; lastKnownFileType = sourcecode.swift; path = PayritNoti.swift; sourceTree = "<group>"; };
		BC2193AA2BB0416400EE7B68 /* NotificationStore.swift */ = {isa = PBXFileReference; lastKnownFileType = sourcecode.swift; path = NotificationStore.swift; sourceTree = "<group>"; };
		BC2193AD2BB066E700EE7B68 /* Config.xcconfig */ = {isa = PBXFileReference; lastKnownFileType = text.xcconfig; path = Config.xcconfig; sourceTree = "<group>"; };
		BC2193B32BB12DBF00EE7B68 /* PrivacyInfo.xcprivacy */ = {isa = PBXFileReference; lastKnownFileType = text.xml; path = PrivacyInfo.xcprivacy; sourceTree = "<group>"; };
		BC2193B62BB1472400EE7B68 /* CarouselView.swift */ = {isa = PBXFileReference; lastKnownFileType = sourcecode.swift; path = CarouselView.swift; sourceTree = "<group>"; };
		BC2193B82BB1BAF900EE7B68 /* SUIT-ExtraBold.otf */ = {isa = PBXFileReference; lastKnownFileType = file; path = "SUIT-ExtraBold.otf"; sourceTree = "<group>"; };
		BC29AA3A2BA1BEB9002CB968 /* CertificateSerchingView.swift */ = {isa = PBXFileReference; lastKnownFileType = sourcecode.swift; path = CertificateSerchingView.swift; sourceTree = "<group>"; };
		BC2D51CB2B9ECD870041FD77 /* CertificateMemoView.swift */ = {isa = PBXFileReference; lastKnownFileType = sourcecode.swift; path = CertificateMemoView.swift; sourceTree = "<group>"; };
		BC2D51CD2B9F35260041FD77 /* CertificateDeductibleView.swift */ = {isa = PBXFileReference; lastKnownFileType = sourcecode.swift; path = CertificateDeductibleView.swift; sourceTree = "<group>"; };
		BC388DB42B904BAB005D1279 /* ContentView.swift */ = {isa = PBXFileReference; lastKnownFileType = sourcecode.swift; path = ContentView.swift; sourceTree = "<group>"; };
		BC4876C72B9721F3006B15C0 /* PartnerInfoWritingView.swift */ = {isa = PBXFileReference; lastKnownFileType = sourcecode.swift; path = PartnerInfoWritingView.swift; sourceTree = "<group>"; };
		BC595DD22B8D8AC300CA555E /* PayRit.app */ = {isa = PBXFileReference; explicitFileType = wrapper.application; includeInIndex = 0; path = PayRit.app; sourceTree = BUILT_PRODUCTS_DIR; };
		BC595DD52B8D8AC300CA555E /* PayRitApp.swift */ = {isa = PBXFileReference; lastKnownFileType = sourcecode.swift; path = PayRitApp.swift; sourceTree = "<group>"; };
		BC595DD72B8D8AC300CA555E /* SignInView.swift */ = {isa = PBXFileReference; lastKnownFileType = sourcecode.swift; path = SignInView.swift; sourceTree = "<group>"; };
		BC595DD92B8D8AC400CA555E /* Assets.xcassets */ = {isa = PBXFileReference; lastKnownFileType = folder.assetcatalog; path = Assets.xcassets; sourceTree = "<group>"; };
		BC595DDC2B8D8AC400CA555E /* Preview Assets.xcassets */ = {isa = PBXFileReference; lastKnownFileType = folder.assetcatalog; path = "Preview Assets.xcassets"; sourceTree = "<group>"; };
		BC595DEF2B8D8EAE00CA555E /* TabBarView.swift */ = {isa = PBXFileReference; lastKnownFileType = sourcecode.swift; path = TabBarView.swift; sourceTree = "<group>"; };
		BC595E012B8DA21300CA555E /* SignInStore.swift */ = {isa = PBXFileReference; fileEncoding = 4; lastKnownFileType = sourcecode.swift; path = SignInStore.swift; sourceTree = "<group>"; };
		BC595E032B8DA83600CA555E /* UIScreen +.swift */ = {isa = PBXFileReference; lastKnownFileType = sourcecode.swift; path = "UIScreen +.swift"; sourceTree = "<group>"; };
		BC595E092B8DAFD600CA555E /* Font +.swift */ = {isa = PBXFileReference; lastKnownFileType = sourcecode.swift; path = "Font +.swift"; sourceTree = "<group>"; };
		BC595E0B2B8DB0B500CA555E /* Info.plist */ = {isa = PBXFileReference; lastKnownFileType = text.plist.xml; path = Info.plist; sourceTree = "<group>"; };
		BC595E182B8DB75600CA555E /* Color +.swift */ = {isa = PBXFileReference; lastKnownFileType = sourcecode.swift; path = "Color +.swift"; sourceTree = "<group>"; };
		BC595E242B8DC9AC00CA555E /* Launch Screen.storyboard */ = {isa = PBXFileReference; lastKnownFileType = file.storyboard; path = "Launch Screen.storyboard"; sourceTree = "<group>"; };
		BC595E272B8DDFDD00CA555E /* HomeView.swift */ = {isa = PBXFileReference; lastKnownFileType = sourcecode.swift; path = HomeView.swift; sourceTree = "<group>"; };
		BC5C57082B975A2400A55CC7 /* KakaoAdressView.swift */ = {isa = PBXFileReference; lastKnownFileType = sourcecode.swift; path = KakaoAdressView.swift; sourceTree = "<group>"; };
		BC62BFEF2BA02011000A1BA5 /* PaymentHistoryView.swift */ = {isa = PBXFileReference; lastKnownFileType = sourcecode.swift; path = PaymentHistoryView.swift; sourceTree = "<group>"; };
		BC62BFF12BA02481000A1BA5 /* Payment.swift */ = {isa = PBXFileReference; lastKnownFileType = sourcecode.swift; path = Payment.swift; sourceTree = "<group>"; };
		BC62BFF32BA02B61000A1BA5 /* AlarmSettingView.swift */ = {isa = PBXFileReference; lastKnownFileType = sourcecode.swift; path = AlarmSettingView.swift; sourceTree = "<group>"; };
		BC62BFF52BA1551F000A1BA5 /* Date +.swift */ = {isa = PBXFileReference; lastKnownFileType = sourcecode.swift; path = "Date +.swift"; sourceTree = "<group>"; };
		BC62BFF72BA15695000A1BA5 /* WritingStore.swift */ = {isa = PBXFileReference; lastKnownFileType = sourcecode.swift; path = WritingStore.swift; sourceTree = "<group>"; };
		BC6829182B9CA836009EF3F5 /* SUIT-Regular.otf */ = {isa = PBXFileReference; lastKnownFileType = file; path = "SUIT-Regular.otf"; sourceTree = "<group>"; };
		BC68291A2B9CACC6009EF3F5 /* SUIT-Medium.otf */ = {isa = PBXFileReference; lastKnownFileType = file; path = "SUIT-Medium.otf"; sourceTree = "<group>"; };
		BC68291E2B9CEE87009EF3F5 /* Memo.swift */ = {isa = PBXFileReference; lastKnownFileType = sourcecode.swift; path = Memo.swift; sourceTree = "<group>"; };
		BC6E3FD02BB2A06000A4E004 /* GoogleService-Info.plist */ = {isa = PBXFileReference; fileEncoding = 4; lastKnownFileType = text.plist.xml; path = "GoogleService-Info.plist"; sourceTree = "<group>"; };
		BC6F652A2B9B355200FB9FA7 /* User.swift */ = {isa = PBXFileReference; lastKnownFileType = sourcecode.swift; path = User.swift; sourceTree = "<group>"; };
		BC6F652C2B9B394800FB9FA7 /* MembershipWithdrawalView.swift */ = {isa = PBXFileReference; lastKnownFileType = sourcecode.swift; path = MembershipWithdrawalView.swift; sourceTree = "<group>"; };
		BC6F652E2B9B3D9000FB9FA7 /* MyPageStore.swift */ = {isa = PBXFileReference; lastKnownFileType = sourcecode.swift; path = MyPageStore.swift; sourceTree = "<group>"; };
		BC6F65322B9CA37A00FB9FA7 /* SUIT-SemiBold.otf */ = {isa = PBXFileReference; lastKnownFileType = file; path = "SUIT-SemiBold.otf"; sourceTree = "<group>"; };
		BC6F65342B9CA3C100FB9FA7 /* SUIT-Bold.otf */ = {isa = PBXFileReference; lastKnownFileType = file; path = "SUIT-Bold.otf"; sourceTree = "<group>"; };
		BC947A5C2B984AEF00295C7B /* MyInfoView.swift */ = {isa = PBXFileReference; lastKnownFileType = sourcecode.swift; path = MyInfoView.swift; sourceTree = "<group>"; };
		BC95634F2B9F3B130014010C /* MFMailView.swift */ = {isa = PBXFileReference; lastKnownFileType = sourcecode.swift; path = MFMailView.swift; sourceTree = "<group>"; };
		BC9E55CB2B936F9700B100C6 /* HomeStore.swift */ = {isa = PBXFileReference; lastKnownFileType = sourcecode.swift; path = HomeStore.swift; sourceTree = "<group>"; };
		BC9E55CD2B956B7300B100C6 /* CertificateDetailView.swift */ = {isa = PBXFileReference; lastKnownFileType = sourcecode.swift; path = CertificateDetailView.swift; sourceTree = "<group>"; };
		BCC9EC032B8F09A6001E18F0 /* CertificateDetail.swift */ = {isa = PBXFileReference; lastKnownFileType = sourcecode.swift; path = CertificateDetail.swift; sourceTree = "<group>"; };
		BCD942502B8F0CCC00BF61CD /* .swiftlint.yml */ = {isa = PBXFileReference; fileEncoding = 4; lastKnownFileType = text.yaml; path = .swiftlint.yml; sourceTree = "<group>"; };
		BCD942562B8F1D5400BF61CD /* MyPageView.swift */ = {isa = PBXFileReference; lastKnownFileType = sourcecode.swift; path = MyPageView.swift; sourceTree = "<group>"; };
		BCD9425A2B8F639A00BF61CD /* CustomTextField.swift */ = {isa = PBXFileReference; lastKnownFileType = sourcecode.swift; path = CustomTextField.swift; sourceTree = "<group>"; };
		BCE280D92B8F75120085D45E /* View +.swift */ = {isa = PBXFileReference; lastKnownFileType = sourcecode.swift; path = "View +.swift"; sourceTree = "<group>"; };
		BCE280DB2B8F75440085D45E /* ViewModifier.swift */ = {isa = PBXFileReference; lastKnownFileType = sourcecode.swift; path = ViewModifier.swift; sourceTree = "<group>"; };
		BCE280DF2B9021EE0085D45E /* WritingView.swift */ = {isa = PBXFileReference; lastKnownFileType = sourcecode.swift; path = WritingView.swift; sourceTree = "<group>"; };
		BCE280E12B903B660085D45E /* WritingCertificateInfoView.swift */ = {isa = PBXFileReference; lastKnownFileType = sourcecode.swift; path = WritingCertificateInfoView.swift; sourceTree = "<group>"; };
		BCE280E32B903BE50085D45E /* SelectCertificateTypeView.swift */ = {isa = PBXFileReference; lastKnownFileType = sourcecode.swift; path = SelectCertificateTypeView.swift; sourceTree = "<group>"; };
/* End PBXFileReference section */

/* Begin PBXFrameworksBuildPhase section */
		BC595DCF2B8D8AC300CA555E /* Frameworks */ = {
			isa = PBXFrameworksBuildPhase;
			buildActionMask = 2147483647;
			files = (
				BC595DFB2B8D941900CA555E /* KakaoSDKCertCore in Frameworks */,
				BC595DF92B8D941900CA555E /* KakaoSDKCert in Frameworks */,
				BC2193A12BB038B200EE7B68 /* FirebaseMessaging in Frameworks */,
				BC21939F2BB038B200EE7B68 /* FirebaseAnalytics in Frameworks */,
				BC595DF52B8D941900CA555E /* KakaoSDK in Frameworks */,
				BC595DFD2B8D941900CA555E /* KakaoSDKCommon in Frameworks */,
				BC595DF72B8D941900CA555E /* KakaoSDKAuth in Frameworks */,
				BC020FEF2BBEC2FE00116A6B /* iamport-ios in Frameworks */,
			);
			runOnlyForDeploymentPostprocessing = 0;
		};
/* End PBXFrameworksBuildPhase section */

/* Begin PBXGroup section */
		BC020FF02BC42BE500116A6B /* Import */ = {
			isa = PBXGroup;
			children = (
				BC0210292BC4E09D00116A6B /* Utils.swift */,
				BC0210222BC4E07500116A6B /* Model */,
				BC02100B2BC4DFFD00116A6B /* Certificate */,
				BC0210312BC5A16500116A6B /* Payment */,
				BC0210332BC5A19000116A6B /* ViewModel */,
			);
			path = Import;
			sourceTree = "<group>";
		};
		BC02100B2BC4DFFD00116A6B /* Certificate */ = {
			isa = PBXGroup;
			children = (
				BC0210212BC4E06F00116A6B /* View */,
			);
			path = Certificate;
			sourceTree = "<group>";
		};
		BC0210212BC4E06F00116A6B /* View */ = {
			isa = PBXGroup;
			children = (
				BC0210122BC4E06500116A6B /* IMPCertificationView.swift */,
			);
			path = View;
			sourceTree = "<group>";
		};
		BC0210222BC4E07500116A6B /* Model */ = {
			isa = PBXGroup;
			children = (
				BC0210252BC4E08700116A6B /* Cert.swift */,
				BC0210232BC4E08700116A6B /* Order.swift */,
				BC0210242BC4E08700116A6B /* PubData.swift */,
			);
			path = Model;
			sourceTree = "<group>";
		};
		BC0210312BC5A16500116A6B /* Payment */ = {
			isa = PBXGroup;
			children = (
				BC0210322BC5A18300116A6B /* View */,
			);
			path = Payment;
			sourceTree = "<group>";
		};
		BC0210322BC5A18300116A6B /* View */ = {
			isa = PBXGroup;
			children = (
				BC0210102BC4E06500116A6B /* PaymentView.swift */,
			);
			path = View;
			sourceTree = "<group>";
		};
		BC0210332BC5A19000116A6B /* ViewModel */ = {
			isa = PBXGroup;
			children = (
				BC02102A2BC4E09D00116A6B /* IamportStore.swift */,
			);
			path = ViewModel;
			sourceTree = "<group>";
		};
		BC12196E2BA5F1D700B575F8 /* ExportView */ = {
			isa = PBXGroup;
			children = (
				BC1219622BA293EE00B575F8 /* CertificateDocumentView.swift */,
				BC1219682BA35B1000B575F8 /* CertificateToDoucumentView.swift */,
			);
			path = ExportView;
			sourceTree = "<group>";
		};
		BC1219702BA6D2FD00B575F8 /* Font */ = {
			isa = PBXGroup;
			children = (
				BC6829182B9CA836009EF3F5 /* SUIT-Regular.otf */,
				BC68291A2B9CACC6009EF3F5 /* SUIT-Medium.otf */,
				BC6F65322B9CA37A00FB9FA7 /* SUIT-SemiBold.otf */,
				BC6F65342B9CA3C100FB9FA7 /* SUIT-Bold.otf */,
				BC2193B82BB1BAF900EE7B68 /* SUIT-ExtraBold.otf */,
			);
			path = Font;
			sourceTree = "<group>";
		};
		BC2193A42BB03D6600EE7B68 /* Nofitication */ = {
			isa = PBXGroup;
			children = (
				BC2193A92BB03E5B00EE7B68 /* View */,
				BC2193AC2BB0442F00EE7B68 /* ViewModel */,
			);
			path = Nofitication;
			sourceTree = "<group>";
		};
		BC2193A92BB03E5B00EE7B68 /* View */ = {
			isa = PBXGroup;
			children = (
				BC2193A52BB03D7F00EE7B68 /* NotificationView.swift */,
			);
			path = View;
			sourceTree = "<group>";
		};
		BC2193AC2BB0442F00EE7B68 /* ViewModel */ = {
			isa = PBXGroup;
			children = (
				BC2193AA2BB0416400EE7B68 /* NotificationStore.swift */,
			);
			path = ViewModel;
			sourceTree = "<group>";
		};
		BC2193B52BB146FD00EE7B68 /* CarouselView */ = {
			isa = PBXGroup;
			children = (
				BC2193B62BB1472400EE7B68 /* CarouselView.swift */,
			);
			path = CarouselView;
			sourceTree = "<group>";
		};
		BC388DB32B904B6F005D1279 /* Content */ = {
			isa = PBXGroup;
			children = (
				BC388DB42B904BAB005D1279 /* ContentView.swift */,
			);
			path = Content;
			sourceTree = "<group>";
		};
		BC595DC92B8D8AC300CA555E = {
			isa = PBXGroup;
			children = (
				BC2193AD2BB066E700EE7B68 /* Config.xcconfig */,
				BC595DD42B8D8AC300CA555E /* PayRit */,
				BC595DD32B8D8AC300CA555E /* Products */,
			);
			sourceTree = "<group>";
		};
		BC595DD32B8D8AC300CA555E /* Products */ = {
			isa = PBXGroup;
			children = (
				BC595DD22B8D8AC300CA555E /* PayRit.app */,
			);
			name = Products;
			sourceTree = "<group>";
		};
		BC595DD42B8D8AC300CA555E /* PayRit */ = {
			isa = PBXGroup;
			children = (
				BC2193B32BB12DBF00EE7B68 /* PrivacyInfo.xcprivacy */,
				BC12196A2BA4010500B575F8 /* PayRit.entitlements */,
				BCD942502B8F0CCC00BF61CD /* .swiftlint.yml */,
				BC595DEA2B8D8DF300CA555E /* Config */,
				BC595E1D2B8DBDB300CA555E /* LaunchScreen */,
				BCD9425C2B8F6FBA00BF61CD /* App */,
				BC595DEC2B8D8E4600CA555E /* UserDefaults */,
				BC595DED2B8D8E6200CA555E /* Service */,
				BC595DE72B8D8DCF00CA555E /* Common */,
				BC595DE92B8D8DE200CA555E /* Extensions */,
				BC595DEB2B8D8E0800CA555E /* Model */,
				BC388DB32B904B6F005D1279 /* Content */,
				BC595DFE2B8DA1E200CA555E /* SignIn */,
				BC595DE82B8D8DD600CA555E /* TabBar */,
				BC595E262B8DDFC800CA555E /* Home */,
				BCE280DD2B9020BE0085D45E /* Writing */,
				BCD942542B8F1D3100BF61CD /* MyPage */,
				BC2193A42BB03D6600EE7B68 /* Nofitication */,
				BC5C572A2B977B6800A55CC7 /* KakaoAddress */,
				BC020FF02BC42BE500116A6B /* Import */,
				BC595DDB2B8D8AC400CA555E /* Preview Content */,
			);
			path = PayRit;
			sourceTree = "<group>";
		};
		BC595DDB2B8D8AC400CA555E /* Preview Content */ = {
			isa = PBXGroup;
			children = (
				BC595DDC2B8D8AC400CA555E /* Preview Assets.xcassets */,
			);
			path = "Preview Content";
			sourceTree = "<group>";
		};
		BC595DE72B8D8DCF00CA555E /* Common */ = {
			isa = PBXGroup;
			children = (
				BCD9425A2B8F639A00BF61CD /* CustomTextField.swift */,
				BC1CF8D82B96C8D800A9BF12 /* CustomAlert.swift */,
			);
			path = Common;
			sourceTree = "<group>";
		};
		BC595DE82B8D8DD600CA555E /* TabBar */ = {
			isa = PBXGroup;
			children = (
				BC595DEE2B8D8E9800CA555E /* View */,
			);
			path = TabBar;
			sourceTree = "<group>";
		};
		BC595DE92B8D8DE200CA555E /* Extensions */ = {
			isa = PBXGroup;
			children = (
				BC595E032B8DA83600CA555E /* UIScreen +.swift */,
				BC595E092B8DAFD600CA555E /* Font +.swift */,
				BC595E182B8DB75600CA555E /* Color +.swift */,
				BC2193972BAC0DF000EE7B68 /* String +.swift */,
				BC21939B2BB015D700EE7B68 /* Int +.swift */,
				BCE280D92B8F75120085D45E /* View +.swift */,
				BC62BFF52BA1551F000A1BA5 /* Date +.swift */,
				BCE280DB2B8F75440085D45E /* ViewModifier.swift */,
			);
			path = Extensions;
			sourceTree = "<group>";
		};
		BC595DEA2B8D8DF300CA555E /* Config */ = {
			isa = PBXGroup;
			children = (
				BC595E0B2B8DB0B500CA555E /* Info.plist */,
				BC595DD92B8D8AC400CA555E /* Assets.xcassets */,
				BC6E3FD02BB2A06000A4E004 /* GoogleService-Info.plist */,
				BC1219702BA6D2FD00B575F8 /* Font */,
			);
			path = Config;
			sourceTree = "<group>";
		};
		BC595DEB2B8D8E0800CA555E /* Model */ = {
			isa = PBXGroup;
			children = (
				BC6F652A2B9B355200FB9FA7 /* User.swift */,
				BC02102F2BC595D900116A6B /* CertificationInfo.swift */,
				BCC9EC032B8F09A6001E18F0 /* CertificateDetail.swift */,
				BC2193952BA99BC000EE7B68 /* Certificate.swift */,
				BC1219602BA1D6FC00B575F8 /* Deducted.swift */,
				BC68291E2B9CEE87009EF3F5 /* Memo.swift */,
				BC62BFF12BA02481000A1BA5 /* Payment.swift */,
				BC2193A72BB03D8C00EE7B68 /* PayritNoti.swift */,
			);
			path = Model;
			sourceTree = "<group>";
		};
		BC595DEC2B8D8E4600CA555E /* UserDefaults */ = {
			isa = PBXGroup;
			children = (
				BC12196C2BA43D8200B575F8 /* UserDefaultsManager.swift */,
			);
			path = UserDefaults;
			sourceTree = "<group>";
		};
		BC595DED2B8D8E6200CA555E /* Service */ = {
			isa = PBXGroup;
			children = (
				BC95634F2B9F3B130014010C /* MFMailView.swift */,
				BC1219662BA32E4700B575F8 /* PDFKitView.swift */,
				BC2193992BAF34A000EE7B68 /* SafariView.swift */,
			);
			path = Service;
			sourceTree = "<group>";
		};
		BC595DEE2B8D8E9800CA555E /* View */ = {
			isa = PBXGroup;
			children = (
				BC595DEF2B8D8EAE00CA555E /* TabBarView.swift */,
				BC1219732BA7204600B575F8 /* TabBarStore.swift */,
			);
			path = View;
			sourceTree = "<group>";
		};
		BC595DFE2B8DA1E200CA555E /* SignIn */ = {
			isa = PBXGroup;
			children = (
				BC595DFF2B8DA20100CA555E /* View */,
				BC595E002B8DA20500CA555E /* ViewModel */,
			);
			path = SignIn;
			sourceTree = "<group>";
		};
		BC595DFF2B8DA20100CA555E /* View */ = {
			isa = PBXGroup;
			children = (
				BC595DD72B8D8AC300CA555E /* SignInView.swift */,
			);
			path = View;
			sourceTree = "<group>";
		};
		BC595E002B8DA20500CA555E /* ViewModel */ = {
			isa = PBXGroup;
			children = (
				BC595E012B8DA21300CA555E /* SignInStore.swift */,
			);
			path = ViewModel;
			sourceTree = "<group>";
		};
		BC595E1D2B8DBDB300CA555E /* LaunchScreen */ = {
			isa = PBXGroup;
			children = (
				BC595E242B8DC9AC00CA555E /* Launch Screen.storyboard */,
			);
			path = LaunchScreen;
			sourceTree = "<group>";
		};
		BC595E262B8DDFC800CA555E /* Home */ = {
			isa = PBXGroup;
			children = (
				BC595E292B8DDFDF00CA555E /* View */,
				BC9E55CA2B936F7E00B100C6 /* ViewModel */,
			);
			path = Home;
			sourceTree = "<group>";
		};
		BC595E292B8DDFDF00CA555E /* View */ = {
			isa = PBXGroup;
			children = (
				BC595E272B8DDFDD00CA555E /* HomeView.swift */,
				BC29AA3A2BA1BEB9002CB968 /* CertificateSerchingView.swift */,
				BC9E55CD2B956B7300B100C6 /* CertificateDetailView.swift */,
				BC2D51CB2B9ECD870041FD77 /* CertificateMemoView.swift */,
				BC2D51CD2B9F35260041FD77 /* CertificateDeductibleView.swift */,
				BC1219642BA29FE700B575F8 /* CertificateAcceptView.swift */,
				BC2193B52BB146FD00EE7B68 /* CarouselView */,
				BC12196E2BA5F1D700B575F8 /* ExportView */,
			);
			path = View;
			sourceTree = "<group>";
		};
		BC5C57042B974FC700A55CC7 /* ViewModel */ = {
			isa = PBXGroup;
			children = (
				BC62BFF72BA15695000A1BA5 /* WritingStore.swift */,
			);
			path = ViewModel;
			sourceTree = "<group>";
		};
		BC5C572A2B977B6800A55CC7 /* KakaoAddress */ = {
			isa = PBXGroup;
			children = (
				BC5C57082B975A2400A55CC7 /* KakaoAdressView.swift */,
			);
			path = KakaoAddress;
			sourceTree = "<group>";
		};
		BC9E55CA2B936F7E00B100C6 /* ViewModel */ = {
			isa = PBXGroup;
			children = (
				BC9E55CB2B936F9700B100C6 /* HomeStore.swift */,
			);
			path = ViewModel;
			sourceTree = "<group>";
		};
		BCD942542B8F1D3100BF61CD /* MyPage */ = {
			isa = PBXGroup;
			children = (
				BCD942552B8F1D4C00BF61CD /* View */,
				BCD942582B8F1D9200BF61CD /* ViewModel */,
			);
			path = MyPage;
			sourceTree = "<group>";
		};
		BCD942552B8F1D4C00BF61CD /* View */ = {
			isa = PBXGroup;
			children = (
				BCD942562B8F1D5400BF61CD /* MyPageView.swift */,
				BC02102D2BC5957B00116A6B /* MyCertInfoView.swift */,
				BC947A5C2B984AEF00295C7B /* MyInfoView.swift */,
				BC62BFEF2BA02011000A1BA5 /* PaymentHistoryView.swift */,
				BC62BFF32BA02B61000A1BA5 /* AlarmSettingView.swift */,
				BC6F652C2B9B394800FB9FA7 /* MembershipWithdrawalView.swift */,
			);
			path = View;
			sourceTree = "<group>";
		};
		BCD942582B8F1D9200BF61CD /* ViewModel */ = {
			isa = PBXGroup;
			children = (
				BC6F652E2B9B3D9000FB9FA7 /* MyPageStore.swift */,
			);
			path = ViewModel;
			sourceTree = "<group>";
		};
		BCD9425C2B8F6FBA00BF61CD /* App */ = {
			isa = PBXGroup;
			children = (
				BC595DD52B8D8AC300CA555E /* PayRitApp.swift */,
			);
			path = App;
			sourceTree = "<group>";
		};
		BCE280DD2B9020BE0085D45E /* Writing */ = {
			isa = PBXGroup;
			children = (
				BCE280DE2B9021E30085D45E /* View */,
				BC5C57042B974FC700A55CC7 /* ViewModel */,
			);
			path = Writing;
			sourceTree = "<group>";
		};
		BCE280DE2B9021E30085D45E /* View */ = {
			isa = PBXGroup;
			children = (
				BCE280DF2B9021EE0085D45E /* WritingView.swift */,
				BCE280E32B903BE50085D45E /* SelectCertificateTypeView.swift */,
				BCE280E12B903B660085D45E /* WritingCertificateInfoView.swift */,
				BC1CF8D62B961F5600A9BF12 /* MyInfoWritingView.swift */,
				BC4876C72B9721F3006B15C0 /* PartnerInfoWritingView.swift */,
				BC1CF8DC2B96FCA200A9BF12 /* WritingCheckView.swift */,
			);
			path = View;
			sourceTree = "<group>";
		};
/* End PBXGroup section */

/* Begin PBXNativeTarget section */
		BC595DD12B8D8AC300CA555E /* PayRit */ = {
			isa = PBXNativeTarget;
			buildConfigurationList = BC595DE02B8D8AC400CA555E /* Build configuration list for PBXNativeTarget "PayRit" */;
			buildPhases = (
				BC595DCE2B8D8AC300CA555E /* Sources */,
				BC595DCF2B8D8AC300CA555E /* Frameworks */,
				BC595DD02B8D8AC300CA555E /* Resources */,
				BC595DE32B8D8AD100CA555E /* SwiftLint Script */,
				BCD942592B8F1FAA00BF61CD /* ShellScript */,
			);
			buildRules = (
			);
			dependencies = (
			);
			name = PayRit;
			packageProductDependencies = (
				BC595DF42B8D941900CA555E /* KakaoSDK */,
				BC595DF62B8D941900CA555E /* KakaoSDKAuth */,
				BC595DF82B8D941900CA555E /* KakaoSDKCert */,
				BC595DFA2B8D941900CA555E /* KakaoSDKCertCore */,
				BC595DFC2B8D941900CA555E /* KakaoSDKCommon */,
				BC21939E2BB038B200EE7B68 /* FirebaseAnalytics */,
				BC2193A02BB038B200EE7B68 /* FirebaseMessaging */,
				BC020FEE2BBEC2FE00116A6B /* iamport-ios */,
			);
			productName = PayRit;
			productReference = BC595DD22B8D8AC300CA555E /* PayRit.app */;
			productType = "com.apple.product-type.application";
		};
/* End PBXNativeTarget section */

/* Begin PBXProject section */
		BC595DCA2B8D8AC300CA555E /* Project object */ = {
			isa = PBXProject;
			attributes = {
				BuildIndependentTargetsInParallel = 1;
				LastSwiftUpdateCheck = 1520;
				LastUpgradeCheck = 1520;
				TargetAttributes = {
					BC595DD12B8D8AC300CA555E = {
						CreatedOnToolsVersion = 15.2;
					};
				};
			};
			buildConfigurationList = BC595DCD2B8D8AC300CA555E /* Build configuration list for PBXProject "PayRit" */;
			compatibilityVersion = "Xcode 14.0";
			developmentRegion = ko;
			hasScannedForEncodings = 0;
			knownRegions = (
				en,
				Base,
				ko,
			);
			mainGroup = BC595DC92B8D8AC300CA555E;
			packageReferences = (
				BC595DF32B8D941900CA555E /* XCRemoteSwiftPackageReference "kakao-ios-sdk" */,
				BC21939D2BB038B200EE7B68 /* XCRemoteSwiftPackageReference "firebase-ios-sdk" */,
				BC020FED2BBEC2FE00116A6B /* XCRemoteSwiftPackageReference "iamport-ios" */,
			);
			productRefGroup = BC595DD32B8D8AC300CA555E /* Products */;
			projectDirPath = "";
			projectRoot = "";
			targets = (
				BC595DD12B8D8AC300CA555E /* PayRit */,
			);
		};
/* End PBXProject section */

/* Begin PBXResourcesBuildPhase section */
		BC595DD02B8D8AC300CA555E /* Resources */ = {
			isa = PBXResourcesBuildPhase;
			buildActionMask = 2147483647;
			files = (
				BCD942512B8F0CCC00BF61CD /* .swiftlint.yml in Resources */,
				BC6E3FD12BB2A06000A4E004 /* GoogleService-Info.plist in Resources */,
				BC2193B42BB12DCF00EE7B68 /* PrivacyInfo.xcprivacy in Resources */,
				BC6829192B9CA836009EF3F5 /* SUIT-Regular.otf in Resources */,
				BC2193B92BB1BAF900EE7B68 /* SUIT-ExtraBold.otf in Resources */,
				BC595DDD2B8D8AC400CA555E /* Preview Assets.xcassets in Resources */,
				BC6F65332B9CA37A00FB9FA7 /* SUIT-SemiBold.otf in Resources */,
				BC595E252B8DC9AC00CA555E /* Launch Screen.storyboard in Resources */,
				BC2193B02BB06EB600EE7B68 /* Config.xcconfig in Resources */,
				BC68291B2B9CACC6009EF3F5 /* SUIT-Medium.otf in Resources */,
				BC595DDA2B8D8AC400CA555E /* Assets.xcassets in Resources */,
				BC6F65352B9CA3C100FB9FA7 /* SUIT-Bold.otf in Resources */,
			);
			runOnlyForDeploymentPostprocessing = 0;
		};
/* End PBXResourcesBuildPhase section */

/* Begin PBXShellScriptBuildPhase section */
		BC595DE32B8D8AD100CA555E /* SwiftLint Script */ = {
			isa = PBXShellScriptBuildPhase;
			alwaysOutOfDate = 1;
			buildActionMask = 2147483647;
			files = (
			);
			inputFileListPaths = (
			);
			inputPaths = (
			);
			name = "SwiftLint Script";
			outputFileListPaths = (
			);
			outputPaths = (
			);
			runOnlyForDeploymentPostprocessing = 0;
			shellPath = /bin/sh;
			shellScript = "if [[ \"$(uname -m)\" == arm64 ]]; then\n    export PATH=\"/opt/homebrew/bin:$PATH\"\nfi\n\nif which swiftlint > /dev/null; then\n  swiftlint\nelse\n  echo \"warning: SwiftLint not installed, download from https://github.com/realm/SwiftLint\"\nfi\n";
		};
		BCD942592B8F1FAA00BF61CD /* ShellScript */ = {
			isa = PBXShellScriptBuildPhase;
			alwaysOutOfDate = 1;
			buildActionMask = 2147483647;
			files = (
			);
			inputFileListPaths = (
			);
			inputPaths = (
			);
			outputFileListPaths = (
			);
			outputPaths = (
			);
			runOnlyForDeploymentPostprocessing = 0;
			shellPath = /bin/sh;
			shellScript = "# Type a script or drag a script file from your workspace to insert its path.\n";
		};
/* End PBXShellScriptBuildPhase section */

/* Begin PBXSourcesBuildPhase section */
		BC595DCE2B8D8AC300CA555E /* Sources */ = {
			isa = PBXSourcesBuildPhase;
			buildActionMask = 2147483647;
			files = (
				BC9E55CC2B936F9700B100C6 /* HomeStore.swift in Sources */,
				BCE280E42B903BE50085D45E /* SelectCertificateTypeView.swift in Sources */,
				BC1219692BA35B1000B575F8 /* CertificateToDoucumentView.swift in Sources */,
				BCD9425B2B8F639A00BF61CD /* CustomTextField.swift in Sources */,
				BC21939C2BB015D700EE7B68 /* Int +.swift in Sources */,
				BC0210272BC4E08700116A6B /* PubData.swift in Sources */,
				BC02102C2BC4E09D00116A6B /* IamportStore.swift in Sources */,
				BC1219672BA32E4700B575F8 /* PDFKitView.swift in Sources */,
				BC1219652BA29FE700B575F8 /* CertificateAcceptView.swift in Sources */,
				BC1CF8D92B96C8D800A9BF12 /* CustomAlert.swift in Sources */,
				BC62BFF42BA02B61000A1BA5 /* AlarmSettingView.swift in Sources */,
				BC947A5D2B984AEF00295C7B /* MyInfoView.swift in Sources */,
				BC9563502B9F3B130014010C /* MFMailView.swift in Sources */,
				BC595E042B8DA83600CA555E /* UIScreen +.swift in Sources */,
				BC2193982BAC0DF000EE7B68 /* String +.swift in Sources */,
				BC595DD82B8D8AC300CA555E /* SignInView.swift in Sources */,
				BCE280DA2B8F75120085D45E /* View +.swift in Sources */,
				BC4876C82B9721F3006B15C0 /* PartnerInfoWritingView.swift in Sources */,
				BC595E022B8DA21300CA555E /* SignInStore.swift in Sources */,
				BC2193962BA99BC000EE7B68 /* Certificate.swift in Sources */,
				BC2D51CE2B9F35260041FD77 /* CertificateDeductibleView.swift in Sources */,
				BC9E55CE2B956B7300B100C6 /* CertificateDetailView.swift in Sources */,
				BC2193A82BB03D8C00EE7B68 /* PayritNoti.swift in Sources */,
				BC1219742BA7204600B575F8 /* TabBarStore.swift in Sources */,
				BC21939A2BAF34A000EE7B68 /* SafariView.swift in Sources */,
				BC1219612BA1D6FC00B575F8 /* Deducted.swift in Sources */,
				BC2193A62BB03D7F00EE7B68 /* NotificationView.swift in Sources */,
				BC29AA3B2BA1BEB9002CB968 /* CertificateSerchingView.swift in Sources */,
				BCD942572B8F1D5400BF61CD /* MyPageView.swift in Sources */,
				BCC9EC042B8F09A6001E18F0 /* CertificateDetail.swift in Sources */,
				BCE280E02B9021EE0085D45E /* WritingView.swift in Sources */,
				BC62BFF62BA1551F000A1BA5 /* Date +.swift in Sources */,
				BC62BFF02BA02011000A1BA5 /* PaymentHistoryView.swift in Sources */,
				BC1CF8DD2B96FCA200A9BF12 /* WritingCheckView.swift in Sources */,
				BCE280E22B903B660085D45E /* WritingCertificateInfoView.swift in Sources */,
				BC62BFF22BA02481000A1BA5 /* Payment.swift in Sources */,
				BC595DF02B8D8EAE00CA555E /* TabBarView.swift in Sources */,
				BC68291F2B9CEE87009EF3F5 /* Memo.swift in Sources */,
				BC0210302BC595D900116A6B /* CertificationInfo.swift in Sources */,
				BC02102E2BC5957B00116A6B /* MyCertInfoView.swift in Sources */,
				BC2D51CC2B9ECD870041FD77 /* CertificateMemoView.swift in Sources */,
				BC1CF8D72B961F5600A9BF12 /* MyInfoWritingView.swift in Sources */,
				BC02101B2BC4E06500116A6B /* IMPCertificationView.swift in Sources */,
				BC595DD62B8D8AC300CA555E /* PayRitApp.swift in Sources */,
				BC02102B2BC4E09D00116A6B /* Utils.swift in Sources */,
				BC2193B72BB1472400EE7B68 /* CarouselView.swift in Sources */,
				BC6F652B2B9B355200FB9FA7 /* User.swift in Sources */,
				BC62BFF82BA15695000A1BA5 /* WritingStore.swift in Sources */,
				BC6F652D2B9B394800FB9FA7 /* MembershipWithdrawalView.swift in Sources */,
				BC2193AB2BB0416400EE7B68 /* NotificationStore.swift in Sources */,
				BC0210282BC4E08700116A6B /* Cert.swift in Sources */,
				BC595E282B8DDFDD00CA555E /* HomeView.swift in Sources */,
				BC388DB52B904BAB005D1279 /* ContentView.swift in Sources */,
				BC0210192BC4E06500116A6B /* PaymentView.swift in Sources */,
				BC595E0A2B8DAFD600CA555E /* Font +.swift in Sources */,
				BC6F652F2B9B3D9000FB9FA7 /* MyPageStore.swift in Sources */,
				BC12196D2BA43D8200B575F8 /* UserDefaultsManager.swift in Sources */,
				BC5C57092B975A2400A55CC7 /* KakaoAdressView.swift in Sources */,
				BC12196F2BA5F21F00B575F8 /* CertificateDocumentView.swift in Sources */,
				BC0210262BC4E08700116A6B /* Order.swift in Sources */,
				BCE280DC2B8F75450085D45E /* ViewModifier.swift in Sources */,
				BC595E192B8DB75600CA555E /* Color +.swift in Sources */,
			);
			runOnlyForDeploymentPostprocessing = 0;
		};
/* End PBXSourcesBuildPhase section */

/* Begin XCBuildConfiguration section */
		BC595DDE2B8D8AC400CA555E /* Debug */ = {
			isa = XCBuildConfiguration;
			buildSettings = {
				ALWAYS_SEARCH_USER_PATHS = NO;
				ASSETCATALOG_COMPILER_GENERATE_SWIFT_ASSET_SYMBOL_EXTENSIONS = YES;
				CLANG_ANALYZER_NONNULL = YES;
				CLANG_ANALYZER_NUMBER_OBJECT_CONVERSION = YES_AGGRESSIVE;
				CLANG_CXX_LANGUAGE_STANDARD = "gnu++20";
				CLANG_ENABLE_MODULES = YES;
				CLANG_ENABLE_OBJC_ARC = YES;
				CLANG_ENABLE_OBJC_WEAK = YES;
				CLANG_WARN_BLOCK_CAPTURE_AUTORELEASING = YES;
				CLANG_WARN_BOOL_CONVERSION = YES;
				CLANG_WARN_COMMA = YES;
				CLANG_WARN_CONSTANT_CONVERSION = YES;
				CLANG_WARN_DEPRECATED_OBJC_IMPLEMENTATIONS = YES;
				CLANG_WARN_DIRECT_OBJC_ISA_USAGE = YES_ERROR;
				CLANG_WARN_DOCUMENTATION_COMMENTS = YES;
				CLANG_WARN_EMPTY_BODY = YES;
				CLANG_WARN_ENUM_CONVERSION = YES;
				CLANG_WARN_INFINITE_RECURSION = YES;
				CLANG_WARN_INT_CONVERSION = YES;
				CLANG_WARN_NON_LITERAL_NULL_CONVERSION = YES;
				CLANG_WARN_OBJC_IMPLICIT_RETAIN_SELF = YES;
				CLANG_WARN_OBJC_LITERAL_CONVERSION = YES;
				CLANG_WARN_OBJC_ROOT_CLASS = YES_ERROR;
				CLANG_WARN_QUOTED_INCLUDE_IN_FRAMEWORK_HEADER = YES;
				CLANG_WARN_RANGE_LOOP_ANALYSIS = YES;
				CLANG_WARN_STRICT_PROTOTYPES = YES;
				CLANG_WARN_SUSPICIOUS_MOVE = YES;
				CLANG_WARN_UNGUARDED_AVAILABILITY = YES_AGGRESSIVE;
				CLANG_WARN_UNREACHABLE_CODE = YES;
				CLANG_WARN__DUPLICATE_METHOD_MATCH = YES;
				CODE_SIGN_IDENTITY = "Apple Development";
				COPY_PHASE_STRIP = NO;
				DEBUG_INFORMATION_FORMAT = dwarf;
				ENABLE_STRICT_OBJC_MSGSEND = YES;
				ENABLE_TESTABILITY = YES;
				ENABLE_USER_SCRIPT_SANDBOXING = YES;
				GCC_C_LANGUAGE_STANDARD = gnu17;
				GCC_DYNAMIC_NO_PIC = NO;
				GCC_NO_COMMON_BLOCKS = YES;
				GCC_OPTIMIZATION_LEVEL = 0;
				GCC_PREPROCESSOR_DEFINITIONS = (
					"DEBUG=1",
					"$(inherited)",
				);
				GCC_WARN_64_TO_32_BIT_CONVERSION = YES;
				GCC_WARN_ABOUT_RETURN_TYPE = YES_ERROR;
				GCC_WARN_UNDECLARED_SELECTOR = YES;
				GCC_WARN_UNINITIALIZED_AUTOS = YES_AGGRESSIVE;
				GCC_WARN_UNUSED_FUNCTION = YES;
				GCC_WARN_UNUSED_VARIABLE = YES;
				IPHONEOS_DEPLOYMENT_TARGET = 17.0;
				LOCALIZATION_PREFERS_STRING_CATALOGS = YES;
				MTL_ENABLE_DEBUG_INFO = INCLUDE_SOURCE;
				MTL_FAST_MATH = YES;
				ONLY_ACTIVE_ARCH = YES;
				SDKROOT = iphoneos;
				SWIFT_ACTIVE_COMPILATION_CONDITIONS = "DEBUG $(inherited)";
				SWIFT_OPTIMIZATION_LEVEL = "-Onone";
			};
			name = Debug;
		};
		BC595DDF2B8D8AC400CA555E /* Release */ = {
			isa = XCBuildConfiguration;
			buildSettings = {
				ALWAYS_SEARCH_USER_PATHS = NO;
				ASSETCATALOG_COMPILER_GENERATE_SWIFT_ASSET_SYMBOL_EXTENSIONS = YES;
				CLANG_ANALYZER_NONNULL = YES;
				CLANG_ANALYZER_NUMBER_OBJECT_CONVERSION = YES_AGGRESSIVE;
				CLANG_CXX_LANGUAGE_STANDARD = "gnu++20";
				CLANG_ENABLE_MODULES = YES;
				CLANG_ENABLE_OBJC_ARC = YES;
				CLANG_ENABLE_OBJC_WEAK = YES;
				CLANG_WARN_BLOCK_CAPTURE_AUTORELEASING = YES;
				CLANG_WARN_BOOL_CONVERSION = YES;
				CLANG_WARN_COMMA = YES;
				CLANG_WARN_CONSTANT_CONVERSION = YES;
				CLANG_WARN_DEPRECATED_OBJC_IMPLEMENTATIONS = YES;
				CLANG_WARN_DIRECT_OBJC_ISA_USAGE = YES_ERROR;
				CLANG_WARN_DOCUMENTATION_COMMENTS = YES;
				CLANG_WARN_EMPTY_BODY = YES;
				CLANG_WARN_ENUM_CONVERSION = YES;
				CLANG_WARN_INFINITE_RECURSION = YES;
				CLANG_WARN_INT_CONVERSION = YES;
				CLANG_WARN_NON_LITERAL_NULL_CONVERSION = YES;
				CLANG_WARN_OBJC_IMPLICIT_RETAIN_SELF = YES;
				CLANG_WARN_OBJC_LITERAL_CONVERSION = YES;
				CLANG_WARN_OBJC_ROOT_CLASS = YES_ERROR;
				CLANG_WARN_QUOTED_INCLUDE_IN_FRAMEWORK_HEADER = YES;
				CLANG_WARN_RANGE_LOOP_ANALYSIS = YES;
				CLANG_WARN_STRICT_PROTOTYPES = YES;
				CLANG_WARN_SUSPICIOUS_MOVE = YES;
				CLANG_WARN_UNGUARDED_AVAILABILITY = YES_AGGRESSIVE;
				CLANG_WARN_UNREACHABLE_CODE = YES;
				CLANG_WARN__DUPLICATE_METHOD_MATCH = YES;
				CODE_SIGN_IDENTITY = "Apple Development";
				COPY_PHASE_STRIP = NO;
				DEBUG_INFORMATION_FORMAT = "dwarf-with-dsym";
				ENABLE_NS_ASSERTIONS = NO;
				ENABLE_STRICT_OBJC_MSGSEND = YES;
				ENABLE_USER_SCRIPT_SANDBOXING = YES;
				GCC_C_LANGUAGE_STANDARD = gnu17;
				GCC_NO_COMMON_BLOCKS = YES;
				GCC_WARN_64_TO_32_BIT_CONVERSION = YES;
				GCC_WARN_ABOUT_RETURN_TYPE = YES_ERROR;
				GCC_WARN_UNDECLARED_SELECTOR = YES;
				GCC_WARN_UNINITIALIZED_AUTOS = YES_AGGRESSIVE;
				GCC_WARN_UNUSED_FUNCTION = YES;
				GCC_WARN_UNUSED_VARIABLE = YES;
				IPHONEOS_DEPLOYMENT_TARGET = 17.0;
				LOCALIZATION_PREFERS_STRING_CATALOGS = YES;
				MTL_ENABLE_DEBUG_INFO = NO;
				MTL_FAST_MATH = YES;
				SDKROOT = iphoneos;
				SWIFT_COMPILATION_MODE = wholemodule;
				VALIDATE_PRODUCT = YES;
			};
			name = Release;
		};
		BC595DE12B8D8AC400CA555E /* Debug */ = {
			isa = XCBuildConfiguration;
			baseConfigurationReference = BC2193AD2BB066E700EE7B68 /* Config.xcconfig */;
			buildSettings = {
				ASSETCATALOG_COMPILER_APPICON_NAME = AppIcon;
				ASSETCATALOG_COMPILER_GLOBAL_ACCENT_COLOR_NAME = AccentColor;
				ASSETCATALOG_COMPILER_INCLUDE_ALL_APPICON_ASSETS = YES;
				CODE_SIGN_ENTITLEMENTS = PayRit/PayRit.entitlements;
				CODE_SIGN_IDENTITY = "Apple Development";
				CODE_SIGN_STYLE = Automatic;
				CURRENT_PROJECT_VERSION = 1;
				DEVELOPMENT_ASSET_PATHS = "\"PayRit/Preview Content\"";
				DEVELOPMENT_TEAM = ND7D3QSWBP;
				ENABLE_PREVIEWS = YES;
				ENABLE_USER_SCRIPT_SANDBOXING = NO;
				GENERATE_INFOPLIST_FILE = YES;
				INFOPLIST_FILE = PayRit/Config/Info.plist;
				INFOPLIST_KEY_LSApplicationCategoryType = "public.app-category.finance";
				INFOPLIST_KEY_UIApplicationSceneManifest_Generation = YES;
				INFOPLIST_KEY_UIApplicationSupportsIndirectInputEvents = YES;
				INFOPLIST_KEY_UILaunchStoryboardName = "Launch Screen.storyboard";
				INFOPLIST_KEY_UISupportedInterfaceOrientations_iPad = "UIInterfaceOrientationPortrait UIInterfaceOrientationPortraitUpsideDown UIInterfaceOrientationLandscapeLeft UIInterfaceOrientationLandscapeRight";
				INFOPLIST_KEY_UISupportedInterfaceOrientations_iPhone = "UIInterfaceOrientationPortrait UIInterfaceOrientationLandscapeLeft UIInterfaceOrientationLandscapeRight";
				INFOPLIST_KEY_UIUserInterfaceStyle = Light;
				IPHONEOS_DEPLOYMENT_TARGET = 17.0;
				LD_RUNPATH_SEARCH_PATHS = (
					"$(inherited)",
					"@executable_path/Frameworks",
				);
				MARKETING_VERSION = 1.1.1;
				PRODUCT_BUNDLE_IDENTIFIER = com.alltimeowl.PayRit;
				PRODUCT_NAME = "$(TARGET_NAME)";
				PROVISIONING_PROFILE_SPECIFIER = "";
				SUPPORTED_PLATFORMS = "iphoneos iphonesimulator";
				SUPPORTS_MACCATALYST = NO;
				SUPPORTS_MAC_DESIGNED_FOR_IPHONE_IPAD = NO;
				SUPPORTS_XR_DESIGNED_FOR_IPHONE_IPAD = NO;
				SWIFT_EMIT_LOC_STRINGS = YES;
				SWIFT_VERSION = 5.0;
				TARGETED_DEVICE_FAMILY = 1;
			};
			name = Debug;
		};
		BC595DE22B8D8AC400CA555E /* Release */ = {
			isa = XCBuildConfiguration;
			baseConfigurationReference = BC2193AD2BB066E700EE7B68 /* Config.xcconfig */;
			buildSettings = {
				ASSETCATALOG_COMPILER_APPICON_NAME = AppIcon;
				ASSETCATALOG_COMPILER_GLOBAL_ACCENT_COLOR_NAME = AccentColor;
				ASSETCATALOG_COMPILER_INCLUDE_ALL_APPICON_ASSETS = YES;
				CODE_SIGN_ENTITLEMENTS = PayRit/PayRit.entitlements;
				CODE_SIGN_IDENTITY = "Apple Development";
				CODE_SIGN_STYLE = Automatic;
				CURRENT_PROJECT_VERSION = 1;
				DEVELOPMENT_ASSET_PATHS = "\"PayRit/Preview Content\"";
				DEVELOPMENT_TEAM = ND7D3QSWBP;
				ENABLE_PREVIEWS = YES;
				ENABLE_USER_SCRIPT_SANDBOXING = NO;
				GENERATE_INFOPLIST_FILE = YES;
				INFOPLIST_FILE = PayRit/Config/Info.plist;
				INFOPLIST_KEY_LSApplicationCategoryType = "public.app-category.finance";
				INFOPLIST_KEY_UIApplicationSceneManifest_Generation = YES;
				INFOPLIST_KEY_UIApplicationSupportsIndirectInputEvents = YES;
				INFOPLIST_KEY_UILaunchStoryboardName = "Launch Screen.storyboard";
				INFOPLIST_KEY_UISupportedInterfaceOrientations_iPad = "UIInterfaceOrientationPortrait UIInterfaceOrientationPortraitUpsideDown UIInterfaceOrientationLandscapeLeft UIInterfaceOrientationLandscapeRight";
				INFOPLIST_KEY_UISupportedInterfaceOrientations_iPhone = "UIInterfaceOrientationPortrait UIInterfaceOrientationLandscapeLeft UIInterfaceOrientationLandscapeRight";
				INFOPLIST_KEY_UIUserInterfaceStyle = Light;
				IPHONEOS_DEPLOYMENT_TARGET = 17.0;
				LD_RUNPATH_SEARCH_PATHS = (
					"$(inherited)",
					"@executable_path/Frameworks",
				);
				MARKETING_VERSION = 1.1.1;
				PRODUCT_BUNDLE_IDENTIFIER = com.alltimeowl.PayRit;
				PRODUCT_NAME = "$(TARGET_NAME)";
				PROVISIONING_PROFILE_SPECIFIER = "";
				SUPPORTED_PLATFORMS = "iphoneos iphonesimulator";
				SUPPORTS_MACCATALYST = NO;
				SUPPORTS_MAC_DESIGNED_FOR_IPHONE_IPAD = NO;
				SUPPORTS_XR_DESIGNED_FOR_IPHONE_IPAD = NO;
				SWIFT_EMIT_LOC_STRINGS = YES;
				SWIFT_VERSION = 5.0;
				TARGETED_DEVICE_FAMILY = 1;
			};
			name = Release;
		};
/* End XCBuildConfiguration section */

/* Begin XCConfigurationList section */
		BC595DCD2B8D8AC300CA555E /* Build configuration list for PBXProject "PayRit" */ = {
			isa = XCConfigurationList;
			buildConfigurations = (
				BC595DDE2B8D8AC400CA555E /* Debug */,
				BC595DDF2B8D8AC400CA555E /* Release */,
			);
			defaultConfigurationIsVisible = 0;
			defaultConfigurationName = Release;
		};
		BC595DE02B8D8AC400CA555E /* Build configuration list for PBXNativeTarget "PayRit" */ = {
			isa = XCConfigurationList;
			buildConfigurations = (
				BC595DE12B8D8AC400CA555E /* Debug */,
				BC595DE22B8D8AC400CA555E /* Release */,
			);
			defaultConfigurationIsVisible = 0;
			defaultConfigurationName = Release;
		};
/* End XCConfigurationList section */

/* Begin XCRemoteSwiftPackageReference section */
		BC020FED2BBEC2FE00116A6B /* XCRemoteSwiftPackageReference "iamport-ios" */ = {
			isa = XCRemoteSwiftPackageReference;
			repositoryURL = "https://github.com/iamport/iamport-ios?tab=readme-ov-file";
			requirement = {
				kind = upToNextMajorVersion;
				minimumVersion = 1.4.1;
			};
		};
		BC21939D2BB038B200EE7B68 /* XCRemoteSwiftPackageReference "firebase-ios-sdk" */ = {
			isa = XCRemoteSwiftPackageReference;
			repositoryURL = "https://github.com/firebase/firebase-ios-sdk";
			requirement = {
				kind = upToNextMajorVersion;
				minimumVersion = 10.23.0;
			};
		};
		BC595DF32B8D941900CA555E /* XCRemoteSwiftPackageReference "kakao-ios-sdk" */ = {
			isa = XCRemoteSwiftPackageReference;
			repositoryURL = "https://github.com/kakao/kakao-ios-sdk";
			requirement = {
				kind = upToNextMajorVersion;
				minimumVersion = 2.21.1;
			};
		};
/* End XCRemoteSwiftPackageReference section */

/* Begin XCSwiftPackageProductDependency section */
		BC020FEE2BBEC2FE00116A6B /* iamport-ios */ = {
			isa = XCSwiftPackageProductDependency;
			package = BC020FED2BBEC2FE00116A6B /* XCRemoteSwiftPackageReference "iamport-ios" */;
			productName = "iamport-ios";
		};
		BC21939E2BB038B200EE7B68 /* FirebaseAnalytics */ = {
			isa = XCSwiftPackageProductDependency;
			package = BC21939D2BB038B200EE7B68 /* XCRemoteSwiftPackageReference "firebase-ios-sdk" */;
			productName = FirebaseAnalytics;
		};
		BC2193A02BB038B200EE7B68 /* FirebaseMessaging */ = {
			isa = XCSwiftPackageProductDependency;
			package = BC21939D2BB038B200EE7B68 /* XCRemoteSwiftPackageReference "firebase-ios-sdk" */;
			productName = FirebaseMessaging;
		};
		BC595DF42B8D941900CA555E /* KakaoSDK */ = {
			isa = XCSwiftPackageProductDependency;
			package = BC595DF32B8D941900CA555E /* XCRemoteSwiftPackageReference "kakao-ios-sdk" */;
			productName = KakaoSDK;
		};
		BC595DF62B8D941900CA555E /* KakaoSDKAuth */ = {
			isa = XCSwiftPackageProductDependency;
			package = BC595DF32B8D941900CA555E /* XCRemoteSwiftPackageReference "kakao-ios-sdk" */;
			productName = KakaoSDKAuth;
		};
		BC595DF82B8D941900CA555E /* KakaoSDKCert */ = {
			isa = XCSwiftPackageProductDependency;
			package = BC595DF32B8D941900CA555E /* XCRemoteSwiftPackageReference "kakao-ios-sdk" */;
			productName = KakaoSDKCert;
		};
		BC595DFA2B8D941900CA555E /* KakaoSDKCertCore */ = {
			isa = XCSwiftPackageProductDependency;
			package = BC595DF32B8D941900CA555E /* XCRemoteSwiftPackageReference "kakao-ios-sdk" */;
			productName = KakaoSDKCertCore;
		};
		BC595DFC2B8D941900CA555E /* KakaoSDKCommon */ = {
			isa = XCSwiftPackageProductDependency;
			package = BC595DF32B8D941900CA555E /* XCRemoteSwiftPackageReference "kakao-ios-sdk" */;
			productName = KakaoSDKCommon;
		};
/* End XCSwiftPackageProductDependency section */
	};
	rootObject = BC595DCA2B8D8AC300CA555E /* Project object */;
}
